// !$*UTF8*$!
{
	archiveVersion = 1;
	classes = {
	};
	objectVersion = 50;
	objects = {

/* Begin PBXBuildFile section */
		FD2522162588055A00B699F4 /* DomainError.swift in Sources */ = {isa = PBXBuildFile; fileRef = FD2522152588055A00B699F4 /* DomainError.swift */; };
		FD25222E25880D3200B699F4 /* URLSessionAdapter.swift in Sources */ = {isa = PBXBuildFile; fileRef = FD25222D25880D3200B699F4 /* URLSessionAdapter.swift */; };
		FD25223125880D4E00B699F4 /* Data.framework in Frameworks */ = {isa = PBXBuildFile; fileRef = FD896E422587FA9900C66AC9 /* Data.framework */; };
		FD25223225880D4E00B699F4 /* Data.framework in Embed Frameworks */ = {isa = PBXBuildFile; fileRef = FD896E422587FA9900C66AC9 /* Data.framework */; settings = {ATTRIBUTES = (CodeSignOnCopy, RemoveHeadersOnCopy, ); }; };
		FD25224825882E4400B699F4 /* Data.framework in Frameworks */ = {isa = PBXBuildFile; fileRef = FD896E422587FA9900C66AC9 /* Data.framework */; };
		FD25224925882E4400B699F4 /* Data.framework in Embed Frameworks */ = {isa = PBXBuildFile; fileRef = FD896E422587FA9900C66AC9 /* Data.framework */; settings = {ATTRIBUTES = (CodeSignOnCopy, RemoveHeadersOnCopy, ); }; };
		FD25224C25882E4400B699F4 /* Domain.framework in Frameworks */ = {isa = PBXBuildFile; fileRef = FD896E2B2587F5E700C66AC9 /* Domain.framework */; };
		FD25224D25882E4400B699F4 /* Domain.framework in Embed Frameworks */ = {isa = PBXBuildFile; fileRef = FD896E2B2587F5E700C66AC9 /* Domain.framework */; settings = {ATTRIBUTES = (CodeSignOnCopy, RemoveHeadersOnCopy, ); }; };
		FD25225225882F2E00B699F4 /* ListEpisodesPresenter.swift in Sources */ = {isa = PBXBuildFile; fileRef = FD25225125882F2E00B699F4 /* ListEpisodesPresenter.swift */; };
		FD252256258833B900B699F4 /* Date+Extension.swift in Sources */ = {isa = PBXBuildFile; fileRef = FD252255258833B900B699F4 /* Date+Extension.swift */; };
		FD25225A258839D000B699F4 /* String+Extension.swift in Sources */ = {isa = PBXBuildFile; fileRef = FD252259258839D000B699F4 /* String+Extension.swift */; };
		FD25225E25883AE900B699F4 /* Episode.swift in Sources */ = {isa = PBXBuildFile; fileRef = FD25225D25883AE900B699F4 /* Episode.swift */; };
		FD25226325883B3300B699F4 /* Factories.swift in Sources */ = {isa = PBXBuildFile; fileRef = FD25226225883B3300B699F4 /* Factories.swift */; };
		FD25226A25883C6500B699F4 /* EpisodeViewModel.swift in Sources */ = {isa = PBXBuildFile; fileRef = FD25226925883C6500B699F4 /* EpisodeViewModel.swift */; };
		FD252271258847F000B699F4 /* LoadingView.swift in Sources */ = {isa = PBXBuildFile; fileRef = FD252270258847F000B699F4 /* LoadingView.swift */; };
		FD252274258847FC00B699F4 /* AlertView.swift in Sources */ = {isa = PBXBuildFile; fileRef = FD252273258847FC00B699F4 /* AlertView.swift */; };
		FD25228D25884DF900B699F4 /* ListEpisodesView.swift in Sources */ = {isa = PBXBuildFile; fileRef = FD25228C25884DF900B699F4 /* ListEpisodesView.swift */; };
		FD2522922588511400B699F4 /* EpisodeCell.swift in Sources */ = {isa = PBXBuildFile; fileRef = FD2522912588511400B699F4 /* EpisodeCell.swift */; };
		FD41BF97258A581F001F7234 /* UIView+Extensions.swift in Sources */ = {isa = PBXBuildFile; fileRef = FD41BF96258A581F001F7234 /* UIView+Extensions.swift */; };
		FD41BF9F258A7C25001F7234 /* ListEpisodesFactory.swift in Sources */ = {isa = PBXBuildFile; fileRef = FD41BF9E258A7C25001F7234 /* ListEpisodesFactory.swift */; };
		FD41BFA6258A7CDE001F7234 /* Data.framework in Frameworks */ = {isa = PBXBuildFile; fileRef = FD896E422587FA9900C66AC9 /* Data.framework */; };
		FD41BFA7258A7CDE001F7234 /* Data.framework in Embed Frameworks */ = {isa = PBXBuildFile; fileRef = FD896E422587FA9900C66AC9 /* Data.framework */; settings = {ATTRIBUTES = (CodeSignOnCopy, RemoveHeadersOnCopy, ); }; };
		FD41BFAA258A7CDE001F7234 /* Domain.framework in Frameworks */ = {isa = PBXBuildFile; fileRef = FD896E2B2587F5E700C66AC9 /* Domain.framework */; };
		FD41BFAB258A7CDE001F7234 /* Domain.framework in Embed Frameworks */ = {isa = PBXBuildFile; fileRef = FD896E2B2587F5E700C66AC9 /* Domain.framework */; settings = {ATTRIBUTES = (CodeSignOnCopy, RemoveHeadersOnCopy, ); }; };
		FD41BFAE258A7CDE001F7234 /* Infra.framework in Frameworks */ = {isa = PBXBuildFile; fileRef = FD25222025880BEF00B699F4 /* Infra.framework */; };
		FD41BFAF258A7CDE001F7234 /* Infra.framework in Embed Frameworks */ = {isa = PBXBuildFile; fileRef = FD25222025880BEF00B699F4 /* Infra.framework */; settings = {ATTRIBUTES = (CodeSignOnCopy, RemoveHeadersOnCopy, ); }; };
		FD41BFB2258A7CDE001F7234 /* Presentation.framework in Frameworks */ = {isa = PBXBuildFile; fileRef = FD25223C25882E3100B699F4 /* Presentation.framework */; };
		FD41BFB3258A7CDE001F7234 /* Presentation.framework in Embed Frameworks */ = {isa = PBXBuildFile; fileRef = FD25223C25882E3100B699F4 /* Presentation.framework */; settings = {ATTRIBUTES = (CodeSignOnCopy, RemoveHeadersOnCopy, ); }; };
		FD41BFBC258A85A6001F7234 /* Presentation.framework in Frameworks */ = {isa = PBXBuildFile; fileRef = FD25223C25882E3100B699F4 /* Presentation.framework */; };
		FD41BFBD258A85A6001F7234 /* Presentation.framework in Embed Frameworks */ = {isa = PBXBuildFile; fileRef = FD25223C25882E3100B699F4 /* Presentation.framework */; settings = {ATTRIBUTES = (CodeSignOnCopy, RemoveHeadersOnCopy, ); }; };
		FD41BFC4258AA209001F7234 /* ImageManager.swift in Sources */ = {isa = PBXBuildFile; fileRef = FD41BFC3258AA209001F7234 /* ImageManager.swift */; };
		FD41BFC9258AA278001F7234 /* UIImage+Extensions.swift in Sources */ = {isa = PBXBuildFile; fileRef = FD41BFC8258AA278001F7234 /* UIImage+Extensions.swift */; };
		FD41BFCD258AC122001F7234 /* UIAssets.xcassets in Resources */ = {isa = PBXBuildFile; fileRef = FD41BFCC258AC122001F7234 /* UIAssets.xcassets */; };
		FD41BFDE258AD7D5001F7234 /* LoadingView.swift in Sources */ = {isa = PBXBuildFile; fileRef = FD41BFDD258AD7D5001F7234 /* LoadingView.swift */; };
		FD41BFE6258AF093001F7234 /* DetailsEpisodeViewController.swift in Sources */ = {isa = PBXBuildFile; fileRef = FD41BFE5258AF093001F7234 /* DetailsEpisodeViewController.swift */; };
		FD41BFEA258AF135001F7234 /* DetailsEpisodeView.swift in Sources */ = {isa = PBXBuildFile; fileRef = FD41BFE9258AF135001F7234 /* DetailsEpisodeView.swift */; };
		FD896E362587F61400C66AC9 /* Episode.swift in Sources */ = {isa = PBXBuildFile; fileRef = FD896E352587F61400C66AC9 /* Episode.swift */; };
		FD896E392587F7FF00C66AC9 /* ListEpisodes.swift in Sources */ = {isa = PBXBuildFile; fileRef = FD896E382587F7FF00C66AC9 /* ListEpisodes.swift */; };
		FD896E512587FAED00C66AC9 /* RemoteListEpisodes.swift in Sources */ = {isa = PBXBuildFile; fileRef = FD896E502587FAED00C66AC9 /* RemoteListEpisodes.swift */; };
		FD896E552587FB1800C66AC9 /* Domain.framework in Frameworks */ = {isa = PBXBuildFile; fileRef = FD896E2B2587F5E700C66AC9 /* Domain.framework */; };
		FD896E562587FB1800C66AC9 /* Domain.framework in Embed Frameworks */ = {isa = PBXBuildFile; fileRef = FD896E2B2587F5E700C66AC9 /* Domain.framework */; settings = {ATTRIBUTES = (CodeSignOnCopy, RemoveHeadersOnCopy, ); }; };
		FD896E622587FBE200C66AC9 /* HttpClientError.swift in Sources */ = {isa = PBXBuildFile; fileRef = FD896E612587FBE200C66AC9 /* HttpClientError.swift */; };
		FD896E662588028C00C66AC9 /* Model.swift in Sources */ = {isa = PBXBuildFile; fileRef = FD896E652588028C00C66AC9 /* Model.swift */; };
		FD896E6B258802AE00C66AC9 /* Data+Extension.swift in Sources */ = {isa = PBXBuildFile; fileRef = FD896E6A258802AE00C66AC9 /* Data+Extension.swift */; };
		FD896E6F258802D200C66AC9 /* HttpGetClient.swift in Sources */ = {isa = PBXBuildFile; fileRef = FD896E6E258802D200C66AC9 /* HttpGetClient.swift */; };
		FD9185D825A3D91B00115FBB /* Environment.swift in Sources */ = {isa = PBXBuildFile; fileRef = FD9185D725A3D91B00115FBB /* Environment.swift */; };
		FD982B1A258FCCD8000BA11D /* Infra.framework in Frameworks */ = {isa = PBXBuildFile; fileRef = FD25222025880BEF00B699F4 /* Infra.framework */; };
		FD982B28258FF677000BA11D /* URLSessionAdapterTests.swift in Sources */ = {isa = PBXBuildFile; fileRef = FD982B27258FF677000BA11D /* URLSessionAdapterTests.swift */; };
		FD982B2D258FF760000BA11D /* URLProtocolStup.swift in Sources */ = {isa = PBXBuildFile; fileRef = FD982B2C258FF760000BA11D /* URLProtocolStup.swift */; };
		FD982B362590E5AC000BA11D /* Factories.swift in Sources */ = {isa = PBXBuildFile; fileRef = FD982B352590E5AC000BA11D /* Factories.swift */; };
		FD982B3A2590E5C4000BA11D /* Factories.swift in Sources */ = {isa = PBXBuildFile; fileRef = FD982B352590E5AC000BA11D /* Factories.swift */; };
		FD982B472590E6F1000BA11D /* Presentation.framework in Frameworks */ = {isa = PBXBuildFile; fileRef = FD25223C25882E3100B699F4 /* Presentation.framework */; };
		FD982B5A2590E73E000BA11D /* ListEpisodesPresenterTests.swift in Sources */ = {isa = PBXBuildFile; fileRef = FD982B592590E73E000BA11D /* ListEpisodesPresenterTests.swift */; };
		FDD9E3B6258BC0F000513EF5 /* DetailEpisode.swift in Sources */ = {isa = PBXBuildFile; fileRef = FDD9E3B5258BC0F000513EF5 /* DetailEpisode.swift */; };
		FDD9E3BC258BD43400513EF5 /* ListEpisodesCoordinator.swift in Sources */ = {isa = PBXBuildFile; fileRef = FDD9E3BB258BD43300513EF5 /* ListEpisodesCoordinator.swift */; };
		FDD9E3C1258C25AC00513EF5 /* DetailsEpisodeFactory.swift in Sources */ = {isa = PBXBuildFile; fileRef = FDD9E3C0258C25AC00513EF5 /* DetailsEpisodeFactory.swift */; };
		FDD9E3C6258C26FD00513EF5 /* CoordinatorFactoriesInjector.swift in Sources */ = {isa = PBXBuildFile; fileRef = FDD9E3C5258C26FD00513EF5 /* CoordinatorFactoriesInjector.swift */; };
		FDD9E3D7258C372800513EF5 /* Data.framework in Frameworks */ = {isa = PBXBuildFile; fileRef = FD896E422587FA9900C66AC9 /* Data.framework */; };
		FDD9E3E5258C377D00513EF5 /* RemoteListEpisodesTests.swift in Sources */ = {isa = PBXBuildFile; fileRef = FDD9E3E4258C377D00513EF5 /* RemoteListEpisodesTests.swift */; };
		FDD9E408258D853F00513EF5 /* HttpGetSpy.swift in Sources */ = {isa = PBXBuildFile; fileRef = FDD9E407258D853E00513EF5 /* HttpGetSpy.swift */; };
		FDE4D6022589978D00AADC52 /* ListEpisodesViewController.swift in Sources */ = {isa = PBXBuildFile; fileRef = FDE4D6012589978D00AADC52 /* ListEpisodesViewController.swift */; };
		FDE4D60C2589984700AADC52 /* AppDelegate.swift in Sources */ = {isa = PBXBuildFile; fileRef = FDE4D60B2589984700AADC52 /* AppDelegate.swift */; };
		FDE4D60E2589984700AADC52 /* SceneDelegate.swift in Sources */ = {isa = PBXBuildFile; fileRef = FDE4D60D2589984700AADC52 /* SceneDelegate.swift */; };
		FDE4D6152589984A00AADC52 /* Assets.xcassets in Resources */ = {isa = PBXBuildFile; fileRef = FDE4D6142589984A00AADC52 /* Assets.xcassets */; };
		FDE4D6182589984A00AADC52 /* LaunchScreen.storyboard in Resources */ = {isa = PBXBuildFile; fileRef = FDE4D6162589984A00AADC52 /* LaunchScreen.storyboard */; };
		FDE4D6202589987100AADC52 /* UI.framework in Frameworks */ = {isa = PBXBuildFile; fileRef = FD25227C25884BF700B699F4 /* UI.framework */; };
		FDE4D6212589987100AADC52 /* UI.framework in Embed Frameworks */ = {isa = PBXBuildFile; fileRef = FD25227C25884BF700B699F4 /* UI.framework */; settings = {ATTRIBUTES = (CodeSignOnCopy, RemoveHeadersOnCopy, ); }; };
/* End PBXBuildFile section */

/* Begin PBXContainerItemProxy section */
		FD25223325880D4E00B699F4 /* PBXContainerItemProxy */ = {
			isa = PBXContainerItemProxy;
			containerPortal = FD896E102587F5BE00C66AC9 /* Project object */;
			proxyType = 1;
			remoteGlobalIDString = FD896E412587FA9900C66AC9;
			remoteInfo = Data;
		};
		FD25224A25882E4400B699F4 /* PBXContainerItemProxy */ = {
			isa = PBXContainerItemProxy;
			containerPortal = FD896E102587F5BE00C66AC9 /* Project object */;
			proxyType = 1;
			remoteGlobalIDString = FD896E412587FA9900C66AC9;
			remoteInfo = Data;
		};
		FD25224E25882E4400B699F4 /* PBXContainerItemProxy */ = {
			isa = PBXContainerItemProxy;
			containerPortal = FD896E102587F5BE00C66AC9 /* Project object */;
			proxyType = 1;
			remoteGlobalIDString = FD896E2A2587F5E700C66AC9;
			remoteInfo = Domain;
		};
		FD41BFA8258A7CDE001F7234 /* PBXContainerItemProxy */ = {
			isa = PBXContainerItemProxy;
			containerPortal = FD896E102587F5BE00C66AC9 /* Project object */;
			proxyType = 1;
			remoteGlobalIDString = FD896E412587FA9900C66AC9;
			remoteInfo = Data;
		};
		FD41BFAC258A7CDE001F7234 /* PBXContainerItemProxy */ = {
			isa = PBXContainerItemProxy;
			containerPortal = FD896E102587F5BE00C66AC9 /* Project object */;
			proxyType = 1;
			remoteGlobalIDString = FD896E2A2587F5E700C66AC9;
			remoteInfo = Domain;
		};
		FD41BFB0258A7CDE001F7234 /* PBXContainerItemProxy */ = {
			isa = PBXContainerItemProxy;
			containerPortal = FD896E102587F5BE00C66AC9 /* Project object */;
			proxyType = 1;
			remoteGlobalIDString = FD25221F25880BEF00B699F4;
			remoteInfo = Infra;
		};
		FD41BFB4258A7CDE001F7234 /* PBXContainerItemProxy */ = {
			isa = PBXContainerItemProxy;
			containerPortal = FD896E102587F5BE00C66AC9 /* Project object */;
			proxyType = 1;
			remoteGlobalIDString = FD25223B25882E3100B699F4;
			remoteInfo = Presentation;
		};
		FD41BFBE258A85A6001F7234 /* PBXContainerItemProxy */ = {
			isa = PBXContainerItemProxy;
			containerPortal = FD896E102587F5BE00C66AC9 /* Project object */;
			proxyType = 1;
			remoteGlobalIDString = FD25223B25882E3100B699F4;
			remoteInfo = Presentation;
		};
		FD896E572587FB1800C66AC9 /* PBXContainerItemProxy */ = {
			isa = PBXContainerItemProxy;
			containerPortal = FD896E102587F5BE00C66AC9 /* Project object */;
			proxyType = 1;
			remoteGlobalIDString = FD896E2A2587F5E700C66AC9;
			remoteInfo = Domain;
		};
		FD982B1B258FCCD8000BA11D /* PBXContainerItemProxy */ = {
			isa = PBXContainerItemProxy;
			containerPortal = FD896E102587F5BE00C66AC9 /* Project object */;
			proxyType = 1;
			remoteGlobalIDString = FD25221F25880BEF00B699F4;
			remoteInfo = Infra;
		};
		FD982B482590E6F1000BA11D /* PBXContainerItemProxy */ = {
			isa = PBXContainerItemProxy;
			containerPortal = FD896E102587F5BE00C66AC9 /* Project object */;
			proxyType = 1;
			remoteGlobalIDString = FD25223B25882E3100B699F4;
			remoteInfo = Presentation;
		};
		FDD9E3D8258C372800513EF5 /* PBXContainerItemProxy */ = {
			isa = PBXContainerItemProxy;
			containerPortal = FD896E102587F5BE00C66AC9 /* Project object */;
			proxyType = 1;
			remoteGlobalIDString = FD896E412587FA9900C66AC9;
			remoteInfo = Data;
		};
		FDE4D6222589987100AADC52 /* PBXContainerItemProxy */ = {
			isa = PBXContainerItemProxy;
			containerPortal = FD896E102587F5BE00C66AC9 /* Project object */;
			proxyType = 1;
			remoteGlobalIDString = FD25227B25884BF700B699F4;
			remoteInfo = UI;
		};
/* End PBXContainerItemProxy section */

/* Begin PBXCopyFilesBuildPhase section */
		FD25223525880D4E00B699F4 /* Embed Frameworks */ = {
			isa = PBXCopyFilesBuildPhase;
			buildActionMask = 2147483647;
			dstPath = "";
			dstSubfolderSpec = 10;
			files = (
				FD25223225880D4E00B699F4 /* Data.framework in Embed Frameworks */,
			);
			name = "Embed Frameworks";
			runOnlyForDeploymentPostprocessing = 0;
		};
		FD25225025882E4400B699F4 /* Embed Frameworks */ = {
			isa = PBXCopyFilesBuildPhase;
			buildActionMask = 2147483647;
			dstPath = "";
			dstSubfolderSpec = 10;
			files = (
				FD25224D25882E4400B699F4 /* Domain.framework in Embed Frameworks */,
				FD25224925882E4400B699F4 /* Data.framework in Embed Frameworks */,
			);
			name = "Embed Frameworks";
			runOnlyForDeploymentPostprocessing = 0;
		};
		FD41BFC0258A85A6001F7234 /* Embed Frameworks */ = {
			isa = PBXCopyFilesBuildPhase;
			buildActionMask = 2147483647;
			dstPath = "";
			dstSubfolderSpec = 10;
			files = (
				FD41BFBD258A85A6001F7234 /* Presentation.framework in Embed Frameworks */,
			);
			name = "Embed Frameworks";
			runOnlyForDeploymentPostprocessing = 0;
		};
		FD896E592587FB1800C66AC9 /* Embed Frameworks */ = {
			isa = PBXCopyFilesBuildPhase;
			buildActionMask = 2147483647;
			dstPath = "";
			dstSubfolderSpec = 10;
			files = (
				FD896E562587FB1800C66AC9 /* Domain.framework in Embed Frameworks */,
			);
			name = "Embed Frameworks";
			runOnlyForDeploymentPostprocessing = 0;
		};
		FDE4D6242589987200AADC52 /* Embed Frameworks */ = {
			isa = PBXCopyFilesBuildPhase;
			buildActionMask = 2147483647;
			dstPath = "";
			dstSubfolderSpec = 10;
			files = (
				FD41BFAB258A7CDE001F7234 /* Domain.framework in Embed Frameworks */,
				FD41BFA7258A7CDE001F7234 /* Data.framework in Embed Frameworks */,
				FDE4D6212589987100AADC52 /* UI.framework in Embed Frameworks */,
				FD41BFB3258A7CDE001F7234 /* Presentation.framework in Embed Frameworks */,
				FD41BFAF258A7CDE001F7234 /* Infra.framework in Embed Frameworks */,
			);
			name = "Embed Frameworks";
			runOnlyForDeploymentPostprocessing = 0;
		};
/* End PBXCopyFilesBuildPhase section */

/* Begin PBXFileReference section */
		FD2522152588055A00B699F4 /* DomainError.swift */ = {isa = PBXFileReference; lastKnownFileType = sourcecode.swift; path = DomainError.swift; sourceTree = "<group>"; };
		FD25222025880BEF00B699F4 /* Infra.framework */ = {isa = PBXFileReference; explicitFileType = wrapper.framework; includeInIndex = 0; path = Infra.framework; sourceTree = BUILT_PRODUCTS_DIR; };
		FD25222325880BEF00B699F4 /* Info.plist */ = {isa = PBXFileReference; lastKnownFileType = text.plist.xml; path = Info.plist; sourceTree = "<group>"; };
		FD25222D25880D3200B699F4 /* URLSessionAdapter.swift */ = {isa = PBXFileReference; lastKnownFileType = sourcecode.swift; path = URLSessionAdapter.swift; sourceTree = "<group>"; };
		FD25223C25882E3100B699F4 /* Presentation.framework */ = {isa = PBXFileReference; explicitFileType = wrapper.framework; includeInIndex = 0; path = Presentation.framework; sourceTree = BUILT_PRODUCTS_DIR; };
		FD25223F25882E3100B699F4 /* Info.plist */ = {isa = PBXFileReference; lastKnownFileType = text.plist.xml; path = Info.plist; sourceTree = "<group>"; };
		FD25225125882F2E00B699F4 /* ListEpisodesPresenter.swift */ = {isa = PBXFileReference; lastKnownFileType = sourcecode.swift; path = ListEpisodesPresenter.swift; sourceTree = "<group>"; };
		FD252255258833B900B699F4 /* Date+Extension.swift */ = {isa = PBXFileReference; lastKnownFileType = sourcecode.swift; path = "Date+Extension.swift"; sourceTree = "<group>"; };
		FD252259258839D000B699F4 /* String+Extension.swift */ = {isa = PBXFileReference; lastKnownFileType = sourcecode.swift; path = "String+Extension.swift"; sourceTree = "<group>"; };
		FD25225D25883AE900B699F4 /* Episode.swift */ = {isa = PBXFileReference; lastKnownFileType = sourcecode.swift; path = Episode.swift; sourceTree = "<group>"; };
		FD25226225883B3300B699F4 /* Factories.swift */ = {isa = PBXFileReference; lastKnownFileType = sourcecode.swift; path = Factories.swift; sourceTree = "<group>"; };
		FD25226925883C6500B699F4 /* EpisodeViewModel.swift */ = {isa = PBXFileReference; lastKnownFileType = sourcecode.swift; path = EpisodeViewModel.swift; sourceTree = "<group>"; };
		FD252270258847F000B699F4 /* LoadingView.swift */ = {isa = PBXFileReference; lastKnownFileType = sourcecode.swift; path = LoadingView.swift; sourceTree = "<group>"; };
		FD252273258847FC00B699F4 /* AlertView.swift */ = {isa = PBXFileReference; lastKnownFileType = sourcecode.swift; path = AlertView.swift; sourceTree = "<group>"; };
		FD25227C25884BF700B699F4 /* UI.framework */ = {isa = PBXFileReference; explicitFileType = wrapper.framework; includeInIndex = 0; path = UI.framework; sourceTree = BUILT_PRODUCTS_DIR; };
		FD25227F25884BF700B699F4 /* Info.plist */ = {isa = PBXFileReference; lastKnownFileType = text.plist.xml; path = Info.plist; sourceTree = "<group>"; };
		FD25228C25884DF900B699F4 /* ListEpisodesView.swift */ = {isa = PBXFileReference; lastKnownFileType = sourcecode.swift; path = ListEpisodesView.swift; sourceTree = "<group>"; };
		FD2522912588511400B699F4 /* EpisodeCell.swift */ = {isa = PBXFileReference; lastKnownFileType = sourcecode.swift; path = EpisodeCell.swift; sourceTree = "<group>"; };
		FD41BF96258A581F001F7234 /* UIView+Extensions.swift */ = {isa = PBXFileReference; lastKnownFileType = sourcecode.swift; path = "UIView+Extensions.swift"; sourceTree = "<group>"; };
		FD41BF9E258A7C25001F7234 /* ListEpisodesFactory.swift */ = {isa = PBXFileReference; lastKnownFileType = sourcecode.swift; path = ListEpisodesFactory.swift; sourceTree = "<group>"; };
		FD41BFC3258AA209001F7234 /* ImageManager.swift */ = {isa = PBXFileReference; lastKnownFileType = sourcecode.swift; path = ImageManager.swift; sourceTree = "<group>"; };
		FD41BFC8258AA278001F7234 /* UIImage+Extensions.swift */ = {isa = PBXFileReference; lastKnownFileType = sourcecode.swift; path = "UIImage+Extensions.swift"; sourceTree = "<group>"; };
		FD41BFCC258AC122001F7234 /* UIAssets.xcassets */ = {isa = PBXFileReference; lastKnownFileType = folder.assetcatalog; path = UIAssets.xcassets; sourceTree = "<group>"; };
		FD41BFDD258AD7D5001F7234 /* LoadingView.swift */ = {isa = PBXFileReference; lastKnownFileType = sourcecode.swift; path = LoadingView.swift; sourceTree = "<group>"; };
		FD41BFE5258AF093001F7234 /* DetailsEpisodeViewController.swift */ = {isa = PBXFileReference; lastKnownFileType = sourcecode.swift; path = DetailsEpisodeViewController.swift; sourceTree = "<group>"; };
		FD41BFE9258AF135001F7234 /* DetailsEpisodeView.swift */ = {isa = PBXFileReference; lastKnownFileType = sourcecode.swift; path = DetailsEpisodeView.swift; sourceTree = "<group>"; };
		FD896E2B2587F5E700C66AC9 /* Domain.framework */ = {isa = PBXFileReference; explicitFileType = wrapper.framework; includeInIndex = 0; path = Domain.framework; sourceTree = BUILT_PRODUCTS_DIR; };
		FD896E2E2587F5E700C66AC9 /* Info.plist */ = {isa = PBXFileReference; lastKnownFileType = text.plist.xml; path = Info.plist; sourceTree = "<group>"; };
		FD896E352587F61400C66AC9 /* Episode.swift */ = {isa = PBXFileReference; lastKnownFileType = sourcecode.swift; path = Episode.swift; sourceTree = "<group>"; };
		FD896E382587F7FF00C66AC9 /* ListEpisodes.swift */ = {isa = PBXFileReference; lastKnownFileType = sourcecode.swift; path = ListEpisodes.swift; sourceTree = "<group>"; };
		FD896E422587FA9900C66AC9 /* Data.framework */ = {isa = PBXFileReference; explicitFileType = wrapper.framework; includeInIndex = 0; path = Data.framework; sourceTree = BUILT_PRODUCTS_DIR; };
		FD896E452587FA9900C66AC9 /* Info.plist */ = {isa = PBXFileReference; lastKnownFileType = text.plist.xml; path = Info.plist; sourceTree = "<group>"; };
		FD896E502587FAED00C66AC9 /* RemoteListEpisodes.swift */ = {isa = PBXFileReference; lastKnownFileType = sourcecode.swift; path = RemoteListEpisodes.swift; sourceTree = "<group>"; };
		FD896E612587FBE200C66AC9 /* HttpClientError.swift */ = {isa = PBXFileReference; fileEncoding = 4; lastKnownFileType = sourcecode.swift; path = HttpClientError.swift; sourceTree = "<group>"; };
		FD896E652588028C00C66AC9 /* Model.swift */ = {isa = PBXFileReference; lastKnownFileType = sourcecode.swift; path = Model.swift; sourceTree = "<group>"; };
		FD896E6A258802AE00C66AC9 /* Data+Extension.swift */ = {isa = PBXFileReference; lastKnownFileType = sourcecode.swift; path = "Data+Extension.swift"; sourceTree = "<group>"; };
		FD896E6E258802D200C66AC9 /* HttpGetClient.swift */ = {isa = PBXFileReference; lastKnownFileType = sourcecode.swift; path = HttpGetClient.swift; sourceTree = "<group>"; };
		FD9185CD25A3D81D00115FBB /* Debug.xcconfig */ = {isa = PBXFileReference; lastKnownFileType = text.xcconfig; path = Debug.xcconfig; sourceTree = "<group>"; };
		FD9185CE25A3D86700115FBB /* Release.xcconfig */ = {isa = PBXFileReference; lastKnownFileType = text.xcconfig; path = Release.xcconfig; sourceTree = "<group>"; };
		FD9185D725A3D91B00115FBB /* Environment.swift */ = {isa = PBXFileReference; lastKnownFileType = sourcecode.swift; path = Environment.swift; sourceTree = "<group>"; };
		FD982B15258FCCD8000BA11D /* InfraTests.xctest */ = {isa = PBXFileReference; explicitFileType = wrapper.cfbundle; includeInIndex = 0; path = InfraTests.xctest; sourceTree = BUILT_PRODUCTS_DIR; };
		FD982B19258FCCD8000BA11D /* Info.plist */ = {isa = PBXFileReference; lastKnownFileType = text.plist.xml; path = Info.plist; sourceTree = "<group>"; };
		FD982B27258FF677000BA11D /* URLSessionAdapterTests.swift */ = {isa = PBXFileReference; lastKnownFileType = sourcecode.swift; path = URLSessionAdapterTests.swift; sourceTree = "<group>"; };
		FD982B2C258FF760000BA11D /* URLProtocolStup.swift */ = {isa = PBXFileReference; fileEncoding = 4; lastKnownFileType = sourcecode.swift; path = URLProtocolStup.swift; sourceTree = "<group>"; };
		FD982B352590E5AC000BA11D /* Factories.swift */ = {isa = PBXFileReference; lastKnownFileType = sourcecode.swift; path = Factories.swift; sourceTree = "<group>"; };
		FD982B422590E6F1000BA11D /* PresentationTests.xctest */ = {isa = PBXFileReference; explicitFileType = wrapper.cfbundle; includeInIndex = 0; path = PresentationTests.xctest; sourceTree = BUILT_PRODUCTS_DIR; };
		FD982B462590E6F1000BA11D /* Info.plist */ = {isa = PBXFileReference; lastKnownFileType = text.plist.xml; path = Info.plist; sourceTree = "<group>"; };
		FD982B592590E73E000BA11D /* ListEpisodesPresenterTests.swift */ = {isa = PBXFileReference; lastKnownFileType = sourcecode.swift; path = ListEpisodesPresenterTests.swift; sourceTree = "<group>"; };
		FDD9E3B5258BC0F000513EF5 /* DetailEpisode.swift */ = {isa = PBXFileReference; lastKnownFileType = sourcecode.swift; path = DetailEpisode.swift; sourceTree = "<group>"; };
		FDD9E3BB258BD43300513EF5 /* ListEpisodesCoordinator.swift */ = {isa = PBXFileReference; lastKnownFileType = sourcecode.swift; path = ListEpisodesCoordinator.swift; sourceTree = "<group>"; };
		FDD9E3C0258C25AC00513EF5 /* DetailsEpisodeFactory.swift */ = {isa = PBXFileReference; lastKnownFileType = sourcecode.swift; path = DetailsEpisodeFactory.swift; sourceTree = "<group>"; };
		FDD9E3C5258C26FD00513EF5 /* CoordinatorFactoriesInjector.swift */ = {isa = PBXFileReference; lastKnownFileType = sourcecode.swift; path = CoordinatorFactoriesInjector.swift; sourceTree = "<group>"; };
		FDD9E3D2258C372800513EF5 /* DataTests.xctest */ = {isa = PBXFileReference; explicitFileType = wrapper.cfbundle; includeInIndex = 0; path = DataTests.xctest; sourceTree = BUILT_PRODUCTS_DIR; };
		FDD9E3D6258C372800513EF5 /* Info.plist */ = {isa = PBXFileReference; lastKnownFileType = text.plist.xml; path = Info.plist; sourceTree = "<group>"; };
		FDD9E3E4258C377D00513EF5 /* RemoteListEpisodesTests.swift */ = {isa = PBXFileReference; lastKnownFileType = sourcecode.swift; path = RemoteListEpisodesTests.swift; sourceTree = "<group>"; };
		FDD9E407258D853E00513EF5 /* HttpGetSpy.swift */ = {isa = PBXFileReference; lastKnownFileType = sourcecode.swift; path = HttpGetSpy.swift; sourceTree = "<group>"; };
		FDE4D6012589978D00AADC52 /* ListEpisodesViewController.swift */ = {isa = PBXFileReference; lastKnownFileType = sourcecode.swift; path = ListEpisodesViewController.swift; sourceTree = "<group>"; };
		FDE4D6092589984700AADC52 /* Main.app */ = {isa = PBXFileReference; explicitFileType = wrapper.application; includeInIndex = 0; path = Main.app; sourceTree = BUILT_PRODUCTS_DIR; };
		FDE4D60B2589984700AADC52 /* AppDelegate.swift */ = {isa = PBXFileReference; lastKnownFileType = sourcecode.swift; path = AppDelegate.swift; sourceTree = "<group>"; };
		FDE4D60D2589984700AADC52 /* SceneDelegate.swift */ = {isa = PBXFileReference; lastKnownFileType = sourcecode.swift; path = SceneDelegate.swift; sourceTree = "<group>"; };
		FDE4D6142589984A00AADC52 /* Assets.xcassets */ = {isa = PBXFileReference; lastKnownFileType = folder.assetcatalog; path = Assets.xcassets; sourceTree = "<group>"; };
		FDE4D6172589984A00AADC52 /* Base */ = {isa = PBXFileReference; lastKnownFileType = file.storyboard; name = Base; path = Base.lproj/LaunchScreen.storyboard; sourceTree = "<group>"; };
		FDE4D6192589984A00AADC52 /* Info.plist */ = {isa = PBXFileReference; lastKnownFileType = text.plist.xml; path = Info.plist; sourceTree = "<group>"; };
/* End PBXFileReference section */

/* Begin PBXFrameworksBuildPhase section */
		FD25221D25880BEF00B699F4 /* Frameworks */ = {
			isa = PBXFrameworksBuildPhase;
			buildActionMask = 2147483647;
			files = (
				FD25223125880D4E00B699F4 /* Data.framework in Frameworks */,
			);
			runOnlyForDeploymentPostprocessing = 0;
		};
		FD25223925882E3100B699F4 /* Frameworks */ = {
			isa = PBXFrameworksBuildPhase;
			buildActionMask = 2147483647;
			files = (
				FD25224C25882E4400B699F4 /* Domain.framework in Frameworks */,
				FD25224825882E4400B699F4 /* Data.framework in Frameworks */,
			);
			runOnlyForDeploymentPostprocessing = 0;
		};
		FD25227925884BF700B699F4 /* Frameworks */ = {
			isa = PBXFrameworksBuildPhase;
			buildActionMask = 2147483647;
			files = (
				FD41BFBC258A85A6001F7234 /* Presentation.framework in Frameworks */,
			);
			runOnlyForDeploymentPostprocessing = 0;
		};
		FD896E282587F5E700C66AC9 /* Frameworks */ = {
			isa = PBXFrameworksBuildPhase;
			buildActionMask = 2147483647;
			files = (
			);
			runOnlyForDeploymentPostprocessing = 0;
		};
		FD896E3F2587FA9900C66AC9 /* Frameworks */ = {
			isa = PBXFrameworksBuildPhase;
			buildActionMask = 2147483647;
			files = (
				FD896E552587FB1800C66AC9 /* Domain.framework in Frameworks */,
			);
			runOnlyForDeploymentPostprocessing = 0;
		};
		FD982B12258FCCD8000BA11D /* Frameworks */ = {
			isa = PBXFrameworksBuildPhase;
			buildActionMask = 2147483647;
			files = (
				FD982B1A258FCCD8000BA11D /* Infra.framework in Frameworks */,
			);
			runOnlyForDeploymentPostprocessing = 0;
		};
		FD982B3F2590E6F1000BA11D /* Frameworks */ = {
			isa = PBXFrameworksBuildPhase;
			buildActionMask = 2147483647;
			files = (
				FD982B472590E6F1000BA11D /* Presentation.framework in Frameworks */,
			);
			runOnlyForDeploymentPostprocessing = 0;
		};
		FDD9E3CF258C372800513EF5 /* Frameworks */ = {
			isa = PBXFrameworksBuildPhase;
			buildActionMask = 2147483647;
			files = (
				FDD9E3D7258C372800513EF5 /* Data.framework in Frameworks */,
			);
			runOnlyForDeploymentPostprocessing = 0;
		};
		FDE4D6062589984700AADC52 /* Frameworks */ = {
			isa = PBXFrameworksBuildPhase;
			buildActionMask = 2147483647;
			files = (
				FD41BFAA258A7CDE001F7234 /* Domain.framework in Frameworks */,
				FD41BFA6258A7CDE001F7234 /* Data.framework in Frameworks */,
				FDE4D6202589987100AADC52 /* UI.framework in Frameworks */,
				FD41BFB2258A7CDE001F7234 /* Presentation.framework in Frameworks */,
				FD41BFAE258A7CDE001F7234 /* Infra.framework in Frameworks */,
			);
			runOnlyForDeploymentPostprocessing = 0;
		};
/* End PBXFrameworksBuildPhase section */

/* Begin PBXGroup section */
		FD252219258805B400B699F4 /* Errors */ = {
			isa = PBXGroup;
			children = (
				FD2522152588055A00B699F4 /* DomainError.swift */,
			);
			path = Errors;
			sourceTree = "<group>";
		};
		FD25222125880BEF00B699F4 /* Infra */ = {
			isa = PBXGroup;
			children = (
				FD25222C25880BFD00B699F4 /* URLSessionAdapter */,
				FD25222325880BEF00B699F4 /* Info.plist */,
			);
			path = Infra;
			sourceTree = "<group>";
		};
		FD25222C25880BFD00B699F4 /* URLSessionAdapter */ = {
			isa = PBXGroup;
			children = (
				FD25222D25880D3200B699F4 /* URLSessionAdapter.swift */,
			);
			path = URLSessionAdapter;
			sourceTree = "<group>";
		};
		FD25223D25882E3100B699F4 /* Presentation */ = {
			isa = PBXGroup;
			children = (
				FD25226E258847CB00B699F4 /* View */,
				FD25226825883C5400B699F4 /* ViewModel */,
				FD25226625883C3D00B699F4 /* Presenter */,
				FD25223F25882E3100B699F4 /* Info.plist */,
			);
			path = Presentation;
			sourceTree = "<group>";
		};
		FD25225C25883AD200B699F4 /* ReponseModels */ = {
			isa = PBXGroup;
			children = (
				FD25225D25883AE900B699F4 /* Episode.swift */,
			);
			path = ReponseModels;
			sourceTree = "<group>";
		};
		FD25226125883B2900B699F4 /* Helper */ = {
			isa = PBXGroup;
			children = (
				FD25226225883B3300B699F4 /* Factories.swift */,
			);
			path = Helper;
			sourceTree = "<group>";
		};
		FD25226625883C3D00B699F4 /* Presenter */ = {
			isa = PBXGroup;
			children = (
				FD25226725883C4600B699F4 /* ListEpisodes */,
			);
			path = Presenter;
			sourceTree = "<group>";
		};
		FD25226725883C4600B699F4 /* ListEpisodes */ = {
			isa = PBXGroup;
			children = (
				FD25225125882F2E00B699F4 /* ListEpisodesPresenter.swift */,
			);
			path = ListEpisodes;
			sourceTree = "<group>";
		};
		FD25226825883C5400B699F4 /* ViewModel */ = {
			isa = PBXGroup;
			children = (
				FD25226925883C6500B699F4 /* EpisodeViewModel.swift */,
				FDD9E3B5258BC0F000513EF5 /* DetailEpisode.swift */,
			);
			path = ViewModel;
			sourceTree = "<group>";
		};
		FD25226E258847CB00B699F4 /* View */ = {
			isa = PBXGroup;
			children = (
				FD252270258847F000B699F4 /* LoadingView.swift */,
				FD252273258847FC00B699F4 /* AlertView.swift */,
			);
			path = View;
			sourceTree = "<group>";
		};
		FD25227D25884BF700B699F4 /* UI */ = {
			isa = PBXGroup;
			children = (
				FDD9E3BA258BD42300513EF5 /* Coordinator */,
				FD41BFDC258AD7C7001F7234 /* Components */,
				FD41BFCB258AC10D001F7234 /* Resources */,
				FD41BFC2258AA1FD001F7234 /* StyleGuide */,
				FD41BF95258A580F001F7234 /* Extensions */,
				FD25228825884DB600B699F4 /* Scenes */,
				FD25227F25884BF700B699F4 /* Info.plist */,
			);
			path = UI;
			sourceTree = "<group>";
		};
		FD25228825884DB600B699F4 /* Scenes */ = {
			isa = PBXGroup;
			children = (
				FD41BFE1258AEFC4001F7234 /* DetailEpisode */,
				FD25228925884DBA00B699F4 /* ListEpisodes */,
			);
			path = Scenes;
			sourceTree = "<group>";
		};
		FD25228925884DBA00B699F4 /* ListEpisodes */ = {
			isa = PBXGroup;
			children = (
				FD25228B25884DC600B699F4 /* Controller */,
				FD25228A25884DC000B699F4 /* View */,
			);
			path = ListEpisodes;
			sourceTree = "<group>";
		};
		FD25228A25884DC000B699F4 /* View */ = {
			isa = PBXGroup;
			children = (
				FD252290258850EC00B699F4 /* Cell */,
				FD25228C25884DF900B699F4 /* ListEpisodesView.swift */,
			);
			path = View;
			sourceTree = "<group>";
		};
		FD25228B25884DC600B699F4 /* Controller */ = {
			isa = PBXGroup;
			children = (
				FDE4D6012589978D00AADC52 /* ListEpisodesViewController.swift */,
			);
			path = Controller;
			sourceTree = "<group>";
		};
		FD252290258850EC00B699F4 /* Cell */ = {
			isa = PBXGroup;
			children = (
				FD2522912588511400B699F4 /* EpisodeCell.swift */,
			);
			path = Cell;
			sourceTree = "<group>";
		};
		FD41BF95258A580F001F7234 /* Extensions */ = {
			isa = PBXGroup;
			children = (
				FD41BF96258A581F001F7234 /* UIView+Extensions.swift */,
				FD41BFC8258AA278001F7234 /* UIImage+Extensions.swift */,
			);
			path = Extensions;
			sourceTree = "<group>";
		};
		FD41BF9C258A7C03001F7234 /* Factories */ = {
			isa = PBXGroup;
			children = (
				FDD9E3BF258C259F00513EF5 /* DetailsEpisode */,
				FD41BF9D258A7C10001F7234 /* ListEpisodes */,
			);
			path = Factories;
			sourceTree = "<group>";
		};
		FD41BF9D258A7C10001F7234 /* ListEpisodes */ = {
			isa = PBXGroup;
			children = (
				FD41BF9E258A7C25001F7234 /* ListEpisodesFactory.swift */,
			);
			path = ListEpisodes;
			sourceTree = "<group>";
		};
		FD41BFC2258AA1FD001F7234 /* StyleGuide */ = {
			isa = PBXGroup;
			children = (
				FD41BFC3258AA209001F7234 /* ImageManager.swift */,
			);
			path = StyleGuide;
			sourceTree = "<group>";
		};
		FD41BFCB258AC10D001F7234 /* Resources */ = {
			isa = PBXGroup;
			children = (
				FD41BFCC258AC122001F7234 /* UIAssets.xcassets */,
			);
			path = Resources;
			sourceTree = "<group>";
		};
		FD41BFDC258AD7C7001F7234 /* Components */ = {
			isa = PBXGroup;
			children = (
				FD41BFDD258AD7D5001F7234 /* LoadingView.swift */,
			);
			path = Components;
			sourceTree = "<group>";
		};
		FD41BFE1258AEFC4001F7234 /* DetailEpisode */ = {
			isa = PBXGroup;
			children = (
				FD41BFE3258AEFE3001F7234 /* View */,
				FD41BFE2258AEFCC001F7234 /* Controller */,
			);
			path = DetailEpisode;
			sourceTree = "<group>";
		};
		FD41BFE2258AEFCC001F7234 /* Controller */ = {
			isa = PBXGroup;
			children = (
				FD41BFE5258AF093001F7234 /* DetailsEpisodeViewController.swift */,
			);
			path = Controller;
			sourceTree = "<group>";
		};
		FD41BFE3258AEFE3001F7234 /* View */ = {
			isa = PBXGroup;
			children = (
				FD41BFE9258AF135001F7234 /* DetailsEpisodeView.swift */,
			);
			path = View;
			sourceTree = "<group>";
		};
		FD896E0F2587F5BE00C66AC9 = {
			isa = PBXGroup;
			children = (
				FD896E2C2587F5E700C66AC9 /* Domain */,
				FD896E432587FA9900C66AC9 /* Data */,
				FDD9E3D3258C372800513EF5 /* DataTests */,
				FD25222125880BEF00B699F4 /* Infra */,
				FD982B16258FCCD8000BA11D /* InfraTests */,
				FD25223D25882E3100B699F4 /* Presentation */,
				FD982B432590E6F1000BA11D /* PresentationTests */,
				FD25227D25884BF700B699F4 /* UI */,
				FDE4D60A2589984700AADC52 /* Main */,
				FD896E1A2587F5BE00C66AC9 /* Products */,
				FD896E542587FB1800C66AC9 /* Frameworks */,
			);
			sourceTree = "<group>";
		};
		FD896E1A2587F5BE00C66AC9 /* Products */ = {
			isa = PBXGroup;
			children = (
				FD896E2B2587F5E700C66AC9 /* Domain.framework */,
				FD896E422587FA9900C66AC9 /* Data.framework */,
				FD25222025880BEF00B699F4 /* Infra.framework */,
				FD25223C25882E3100B699F4 /* Presentation.framework */,
				FD25227C25884BF700B699F4 /* UI.framework */,
				FDE4D6092589984700AADC52 /* Main.app */,
				FDD9E3D2258C372800513EF5 /* DataTests.xctest */,
				FD982B15258FCCD8000BA11D /* InfraTests.xctest */,
				FD982B422590E6F1000BA11D /* PresentationTests.xctest */,
			);
			name = Products;
			sourceTree = "<group>";
		};
		FD896E2C2587F5E700C66AC9 /* Domain */ = {
			isa = PBXGroup;
			children = (
				FD252219258805B400B699F4 /* Errors */,
				FD896E342587F5F700C66AC9 /* UseCases */,
				FD896E332587F5F200C66AC9 /* Entities */,
				FD896E2E2587F5E700C66AC9 /* Info.plist */,
			);
			path = Domain;
			sourceTree = "<group>";
		};
		FD896E332587F5F200C66AC9 /* Entities */ = {
			isa = PBXGroup;
			children = (
				FD896E652588028C00C66AC9 /* Model.swift */,
				FD896E352587F61400C66AC9 /* Episode.swift */,
			);
			path = Entities;
			sourceTree = "<group>";
		};
		FD896E342587F5F700C66AC9 /* UseCases */ = {
			isa = PBXGroup;
			children = (
				FD896E382587F7FF00C66AC9 /* ListEpisodes.swift */,
			);
			path = UseCases;
			sourceTree = "<group>";
		};
		FD896E432587FA9900C66AC9 /* Data */ = {
			isa = PBXGroup;
			children = (
				FD25226125883B2900B699F4 /* Helper */,
				FD25225C25883AD200B699F4 /* ReponseModels */,
				FD896E69258802A300C66AC9 /* Extensions */,
				FD896E5E2587FBC800C66AC9 /* Http */,
				FD896E4E2587FACF00C66AC9 /* RemoteListEpisodes */,
				FD896E452587FA9900C66AC9 /* Info.plist */,
			);
			path = Data;
			sourceTree = "<group>";
		};
		FD896E4E2587FACF00C66AC9 /* RemoteListEpisodes */ = {
			isa = PBXGroup;
			children = (
				FD896E502587FAED00C66AC9 /* RemoteListEpisodes.swift */,
			);
			path = RemoteListEpisodes;
			sourceTree = "<group>";
		};
		FD896E542587FB1800C66AC9 /* Frameworks */ = {
			isa = PBXGroup;
			children = (
			);
			name = Frameworks;
			sourceTree = "<group>";
		};
		FD896E5E2587FBC800C66AC9 /* Http */ = {
			isa = PBXGroup;
			children = (
				FD896E6D258802C200C66AC9 /* Get */,
				FD896E5F2587FBD000C66AC9 /* HttpError */,
			);
			path = Http;
			sourceTree = "<group>";
		};
		FD896E5F2587FBD000C66AC9 /* HttpError */ = {
			isa = PBXGroup;
			children = (
				FD896E612587FBE200C66AC9 /* HttpClientError.swift */,
			);
			path = HttpError;
			sourceTree = "<group>";
		};
		FD896E69258802A300C66AC9 /* Extensions */ = {
			isa = PBXGroup;
			children = (
				FD896E6A258802AE00C66AC9 /* Data+Extension.swift */,
				FD252255258833B900B699F4 /* Date+Extension.swift */,
				FD252259258839D000B699F4 /* String+Extension.swift */,
			);
			path = Extensions;
			sourceTree = "<group>";
		};
		FD896E6D258802C200C66AC9 /* Get */ = {
			isa = PBXGroup;
			children = (
				FD896E6E258802D200C66AC9 /* HttpGetClient.swift */,
			);
			path = Get;
			sourceTree = "<group>";
		};
		FD9185CC25A3D80A00115FBB /* Env */ = {
			isa = PBXGroup;
			children = (
				FD9185CD25A3D81D00115FBB /* Debug.xcconfig */,
				FD9185CE25A3D86700115FBB /* Release.xcconfig */,
				FD9185D725A3D91B00115FBB /* Environment.swift */,
			);
			path = Env;
			sourceTree = "<group>";
		};
		FD982B16258FCCD8000BA11D /* InfraTests */ = {
			isa = PBXGroup;
			children = (
				FD982B2C258FF760000BA11D /* URLProtocolStup.swift */,
				FD982B26258FCD1B000BA11D /* URLSessionAdapter */,
				FD982B19258FCCD8000BA11D /* Info.plist */,
			);
			path = InfraTests;
			sourceTree = "<group>";
		};
		FD982B26258FCD1B000BA11D /* URLSessionAdapter */ = {
			isa = PBXGroup;
			children = (
				FD982B27258FF677000BA11D /* URLSessionAdapterTests.swift */,
			);
			path = URLSessionAdapter;
			sourceTree = "<group>";
		};
		FD982B342590E5A0000BA11D /* Helper */ = {
			isa = PBXGroup;
			children = (
				FD982B352590E5AC000BA11D /* Factories.swift */,
			);
			path = Helper;
			sourceTree = "<group>";
		};
		FD982B432590E6F1000BA11D /* PresentationTests */ = {
			isa = PBXGroup;
			children = (
				FD982B462590E6F1000BA11D /* Info.plist */,
				FD982B592590E73E000BA11D /* ListEpisodesPresenterTests.swift */,
			);
			path = PresentationTests;
			sourceTree = "<group>";
		};
		FDD9E3BA258BD42300513EF5 /* Coordinator */ = {
			isa = PBXGroup;
			children = (
				FDD9E3C4258C26F400513EF5 /* Injector */,
				FDD9E3BB258BD43300513EF5 /* ListEpisodesCoordinator.swift */,
			);
			path = Coordinator;
			sourceTree = "<group>";
		};
		FDD9E3BF258C259F00513EF5 /* DetailsEpisode */ = {
			isa = PBXGroup;
			children = (
				FDD9E3C0258C25AC00513EF5 /* DetailsEpisodeFactory.swift */,
			);
			path = DetailsEpisode;
			sourceTree = "<group>";
		};
		FDD9E3C4258C26F400513EF5 /* Injector */ = {
			isa = PBXGroup;
			children = (
				FDD9E3C5258C26FD00513EF5 /* CoordinatorFactoriesInjector.swift */,
			);
			path = Injector;
			sourceTree = "<group>";
		};
		FDD9E3CB258C33E900513EF5 /* Configuration */ = {
			isa = PBXGroup;
			children = (
				FDE4D60B2589984700AADC52 /* AppDelegate.swift */,
				FDE4D60D2589984700AADC52 /* SceneDelegate.swift */,
			);
			path = Configuration;
			sourceTree = "<group>";
		};
		FDD9E3CC258C33F500513EF5 /* Resources */ = {
			isa = PBXGroup;
			children = (
				FDE4D6192589984A00AADC52 /* Info.plist */,
				FDE4D6142589984A00AADC52 /* Assets.xcassets */,
			);
			path = Resources;
			sourceTree = "<group>";
		};
		FDD9E3D3258C372800513EF5 /* DataTests */ = {
			isa = PBXGroup;
			children = (
				FD982B342590E5A0000BA11D /* Helper */,
				FDD9E406258D853100513EF5 /* Http */,
				FDD9E3E3258C373C00513EF5 /* RemoteListEpisodes */,
				FDD9E3D6258C372800513EF5 /* Info.plist */,
			);
			path = DataTests;
			sourceTree = "<group>";
		};
		FDD9E3E3258C373C00513EF5 /* RemoteListEpisodes */ = {
			isa = PBXGroup;
			children = (
				FDD9E3E4258C377D00513EF5 /* RemoteListEpisodesTests.swift */,
			);
			path = RemoteListEpisodes;
			sourceTree = "<group>";
		};
		FDD9E406258D853100513EF5 /* Http */ = {
			isa = PBXGroup;
			children = (
				FDD9E407258D853E00513EF5 /* HttpGetSpy.swift */,
			);
			path = Http;
			sourceTree = "<group>";
		};
		FDE4D60A2589984700AADC52 /* Main */ = {
			isa = PBXGroup;
			children = (
				FD9185CC25A3D80A00115FBB /* Env */,
				FDD9E3CC258C33F500513EF5 /* Resources */,
				FDD9E3CB258C33E900513EF5 /* Configuration */,
				FD41BF9C258A7C03001F7234 /* Factories */,
				FDE4D6162589984A00AADC52 /* LaunchScreen.storyboard */,
			);
			path = Main;
			sourceTree = "<group>";
		};
/* End PBXGroup section */

/* Begin PBXHeadersBuildPhase section */
		FD25221B25880BEF00B699F4 /* Headers */ = {
			isa = PBXHeadersBuildPhase;
			buildActionMask = 2147483647;
			files = (
			);
			runOnlyForDeploymentPostprocessing = 0;
		};
		FD25223725882E3100B699F4 /* Headers */ = {
			isa = PBXHeadersBuildPhase;
			buildActionMask = 2147483647;
			files = (
			);
			runOnlyForDeploymentPostprocessing = 0;
		};
		FD25227725884BF700B699F4 /* Headers */ = {
			isa = PBXHeadersBuildPhase;
			buildActionMask = 2147483647;
			files = (
			);
			runOnlyForDeploymentPostprocessing = 0;
		};
		FD896E262587F5E700C66AC9 /* Headers */ = {
			isa = PBXHeadersBuildPhase;
			buildActionMask = 2147483647;
			files = (
			);
			runOnlyForDeploymentPostprocessing = 0;
		};
		FD896E3D2587FA9900C66AC9 /* Headers */ = {
			isa = PBXHeadersBuildPhase;
			buildActionMask = 2147483647;
			files = (
			);
			runOnlyForDeploymentPostprocessing = 0;
		};
/* End PBXHeadersBuildPhase section */

/* Begin PBXNativeTarget section */
		FD25221F25880BEF00B699F4 /* Infra */ = {
			isa = PBXNativeTarget;
			buildConfigurationList = FD25222525880BEF00B699F4 /* Build configuration list for PBXNativeTarget "Infra" */;
			buildPhases = (
				FD25221B25880BEF00B699F4 /* Headers */,
				FD25221C25880BEF00B699F4 /* Sources */,
				FD25221D25880BEF00B699F4 /* Frameworks */,
				FD25221E25880BEF00B699F4 /* Resources */,
				FD25223525880D4E00B699F4 /* Embed Frameworks */,
			);
			buildRules = (
			);
			dependencies = (
				FD25223425880D4E00B699F4 /* PBXTargetDependency */,
			);
			name = Infra;
			productName = Infra;
			productReference = FD25222025880BEF00B699F4 /* Infra.framework */;
			productType = "com.apple.product-type.framework";
		};
		FD25223B25882E3100B699F4 /* Presentation */ = {
			isa = PBXNativeTarget;
			buildConfigurationList = FD25224125882E3100B699F4 /* Build configuration list for PBXNativeTarget "Presentation" */;
			buildPhases = (
				FD25223725882E3100B699F4 /* Headers */,
				FD25223825882E3100B699F4 /* Sources */,
				FD25223925882E3100B699F4 /* Frameworks */,
				FD25223A25882E3100B699F4 /* Resources */,
				FD25225025882E4400B699F4 /* Embed Frameworks */,
			);
			buildRules = (
			);
			dependencies = (
				FD25224B25882E4400B699F4 /* PBXTargetDependency */,
				FD25224F25882E4400B699F4 /* PBXTargetDependency */,
			);
			name = Presentation;
			productName = Presentation;
			productReference = FD25223C25882E3100B699F4 /* Presentation.framework */;
			productType = "com.apple.product-type.framework";
		};
		FD25227B25884BF700B699F4 /* UI */ = {
			isa = PBXNativeTarget;
			buildConfigurationList = FD25228325884BF700B699F4 /* Build configuration list for PBXNativeTarget "UI" */;
			buildPhases = (
				FD25227725884BF700B699F4 /* Headers */,
				FD25227825884BF700B699F4 /* Sources */,
				FD25227925884BF700B699F4 /* Frameworks */,
				FD25227A25884BF700B699F4 /* Resources */,
				FD41BFC0258A85A6001F7234 /* Embed Frameworks */,
			);
			buildRules = (
			);
			dependencies = (
				FD41BFBF258A85A6001F7234 /* PBXTargetDependency */,
			);
			name = UI;
			productName = UI;
			productReference = FD25227C25884BF700B699F4 /* UI.framework */;
			productType = "com.apple.product-type.framework";
		};
		FD896E2A2587F5E700C66AC9 /* Domain */ = {
			isa = PBXNativeTarget;
			buildConfigurationList = FD896E302587F5E700C66AC9 /* Build configuration list for PBXNativeTarget "Domain" */;
			buildPhases = (
				FD896E262587F5E700C66AC9 /* Headers */,
				FD896E272587F5E700C66AC9 /* Sources */,
				FD896E282587F5E700C66AC9 /* Frameworks */,
				FD896E292587F5E700C66AC9 /* Resources */,
			);
			buildRules = (
			);
			dependencies = (
			);
			name = Domain;
			productName = Domain;
			productReference = FD896E2B2587F5E700C66AC9 /* Domain.framework */;
			productType = "com.apple.product-type.framework";
		};
		FD896E412587FA9900C66AC9 /* Data */ = {
			isa = PBXNativeTarget;
			buildConfigurationList = FD896E472587FA9900C66AC9 /* Build configuration list for PBXNativeTarget "Data" */;
			buildPhases = (
				FD896E3D2587FA9900C66AC9 /* Headers */,
				FD896E3E2587FA9900C66AC9 /* Sources */,
				FD896E3F2587FA9900C66AC9 /* Frameworks */,
				FD896E402587FA9900C66AC9 /* Resources */,
				FD896E592587FB1800C66AC9 /* Embed Frameworks */,
			);
			buildRules = (
			);
			dependencies = (
				FD896E582587FB1800C66AC9 /* PBXTargetDependency */,
			);
			name = Data;
			productName = Data;
			productReference = FD896E422587FA9900C66AC9 /* Data.framework */;
			productType = "com.apple.product-type.framework";
		};
		FD982B14258FCCD8000BA11D /* InfraTests */ = {
			isa = PBXNativeTarget;
			buildConfigurationList = FD982B1F258FCCD9000BA11D /* Build configuration list for PBXNativeTarget "InfraTests" */;
			buildPhases = (
				FD982B11258FCCD8000BA11D /* Sources */,
				FD982B12258FCCD8000BA11D /* Frameworks */,
				FD982B13258FCCD8000BA11D /* Resources */,
			);
			buildRules = (
			);
			dependencies = (
				FD982B1C258FCCD8000BA11D /* PBXTargetDependency */,
			);
			name = InfraTests;
			productName = InfraTests;
			productReference = FD982B15258FCCD8000BA11D /* InfraTests.xctest */;
			productType = "com.apple.product-type.bundle.unit-test";
		};
		FD982B412590E6F1000BA11D /* PresentationTests */ = {
			isa = PBXNativeTarget;
			buildConfigurationList = FD982B4A2590E6F1000BA11D /* Build configuration list for PBXNativeTarget "PresentationTests" */;
			buildPhases = (
				FD982B3E2590E6F1000BA11D /* Sources */,
				FD982B3F2590E6F1000BA11D /* Frameworks */,
				FD982B402590E6F1000BA11D /* Resources */,
			);
			buildRules = (
			);
			dependencies = (
				FD982B492590E6F1000BA11D /* PBXTargetDependency */,
			);
			name = PresentationTests;
			productName = PresentationTests;
			productReference = FD982B422590E6F1000BA11D /* PresentationTests.xctest */;
			productType = "com.apple.product-type.bundle.unit-test";
		};
		FDD9E3D1258C372800513EF5 /* DataTests */ = {
			isa = PBXNativeTarget;
			buildConfigurationList = FDD9E3DA258C372800513EF5 /* Build configuration list for PBXNativeTarget "DataTests" */;
			buildPhases = (
				FDD9E3CE258C372800513EF5 /* Sources */,
				FDD9E3CF258C372800513EF5 /* Frameworks */,
				FDD9E3D0258C372800513EF5 /* Resources */,
			);
			buildRules = (
			);
			dependencies = (
				FDD9E3D9258C372800513EF5 /* PBXTargetDependency */,
			);
			name = DataTests;
			productName = DataTests;
			productReference = FDD9E3D2258C372800513EF5 /* DataTests.xctest */;
			productType = "com.apple.product-type.bundle.unit-test";
		};
		FDE4D6082589984700AADC52 /* Main */ = {
			isa = PBXNativeTarget;
			buildConfigurationList = FDE4D61A2589984A00AADC52 /* Build configuration list for PBXNativeTarget "Main" */;
			buildPhases = (
				FDE4D6052589984700AADC52 /* Sources */,
				FDE4D6062589984700AADC52 /* Frameworks */,
				FDE4D6072589984700AADC52 /* Resources */,
				FDE4D6242589987200AADC52 /* Embed Frameworks */,
			);
			buildRules = (
			);
			dependencies = (
				FDE4D6232589987100AADC52 /* PBXTargetDependency */,
				FD41BFA9258A7CDE001F7234 /* PBXTargetDependency */,
				FD41BFAD258A7CDE001F7234 /* PBXTargetDependency */,
				FD41BFB1258A7CDE001F7234 /* PBXTargetDependency */,
				FD41BFB5258A7CDE001F7234 /* PBXTargetDependency */,
			);
			name = Main;
			productName = Main;
			productReference = FDE4D6092589984700AADC52 /* Main.app */;
			productType = "com.apple.product-type.application";
		};
/* End PBXNativeTarget section */

/* Begin PBXProject section */
		FD896E102587F5BE00C66AC9 /* Project object */ = {
			isa = PBXProject;
			attributes = {
				LastSwiftUpdateCheck = 1200;
				LastUpgradeCheck = 1200;
				TargetAttributes = {
					FD25221F25880BEF00B699F4 = {
						CreatedOnToolsVersion = 12.0;
						LastSwiftMigration = 1200;
					};
					FD25223B25882E3100B699F4 = {
						CreatedOnToolsVersion = 12.0;
						LastSwiftMigration = 1200;
					};
					FD25227B25884BF700B699F4 = {
						CreatedOnToolsVersion = 12.0;
						LastSwiftMigration = 1200;
					};
					FD896E2A2587F5E700C66AC9 = {
						CreatedOnToolsVersion = 12.0;
						LastSwiftMigration = 1200;
					};
					FD896E412587FA9900C66AC9 = {
						CreatedOnToolsVersion = 12.0;
						LastSwiftMigration = 1200;
					};
					FD982B14258FCCD8000BA11D = {
						CreatedOnToolsVersion = 12.0;
						LastSwiftMigration = 1200;
					};
					FD982B412590E6F1000BA11D = {
						CreatedOnToolsVersion = 12.0;
						LastSwiftMigration = 1200;
					};
					FDD9E3D1258C372800513EF5 = {
						CreatedOnToolsVersion = 12.0;
						LastSwiftMigration = 1200;
					};
					FDE4D6082589984700AADC52 = {
						CreatedOnToolsVersion = 12.0;
					};
				};
			};
			buildConfigurationList = FD896E132587F5BE00C66AC9 /* Build configuration list for PBXProject "R&M" */;
			compatibilityVersion = "Xcode 9.3";
			developmentRegion = en;
			hasScannedForEncodings = 0;
			knownRegions = (
				en,
				Base,
			);
			mainGroup = FD896E0F2587F5BE00C66AC9;
			productRefGroup = FD896E1A2587F5BE00C66AC9 /* Products */;
			projectDirPath = "";
			projectRoot = "";
			targets = (
				FD896E2A2587F5E700C66AC9 /* Domain */,
				FD896E412587FA9900C66AC9 /* Data */,
				FD25221F25880BEF00B699F4 /* Infra */,
				FD25223B25882E3100B699F4 /* Presentation */,
				FD25227B25884BF700B699F4 /* UI */,
				FDE4D6082589984700AADC52 /* Main */,
				FDD9E3D1258C372800513EF5 /* DataTests */,
				FD982B14258FCCD8000BA11D /* InfraTests */,
				FD982B412590E6F1000BA11D /* PresentationTests */,
			);
		};
/* End PBXProject section */

/* Begin PBXResourcesBuildPhase section */
		FD25221E25880BEF00B699F4 /* Resources */ = {
			isa = PBXResourcesBuildPhase;
			buildActionMask = 2147483647;
			files = (
			);
			runOnlyForDeploymentPostprocessing = 0;
		};
		FD25223A25882E3100B699F4 /* Resources */ = {
			isa = PBXResourcesBuildPhase;
			buildActionMask = 2147483647;
			files = (
			);
			runOnlyForDeploymentPostprocessing = 0;
		};
		FD25227A25884BF700B699F4 /* Resources */ = {
			isa = PBXResourcesBuildPhase;
			buildActionMask = 2147483647;
			files = (
				FD41BFCD258AC122001F7234 /* UIAssets.xcassets in Resources */,
			);
			runOnlyForDeploymentPostprocessing = 0;
		};
		FD896E292587F5E700C66AC9 /* Resources */ = {
			isa = PBXResourcesBuildPhase;
			buildActionMask = 2147483647;
			files = (
			);
			runOnlyForDeploymentPostprocessing = 0;
		};
		FD896E402587FA9900C66AC9 /* Resources */ = {
			isa = PBXResourcesBuildPhase;
			buildActionMask = 2147483647;
			files = (
			);
			runOnlyForDeploymentPostprocessing = 0;
		};
		FD982B13258FCCD8000BA11D /* Resources */ = {
			isa = PBXResourcesBuildPhase;
			buildActionMask = 2147483647;
			files = (
			);
			runOnlyForDeploymentPostprocessing = 0;
		};
		FD982B402590E6F1000BA11D /* Resources */ = {
			isa = PBXResourcesBuildPhase;
			buildActionMask = 2147483647;
			files = (
			);
			runOnlyForDeploymentPostprocessing = 0;
		};
		FDD9E3D0258C372800513EF5 /* Resources */ = {
			isa = PBXResourcesBuildPhase;
			buildActionMask = 2147483647;
			files = (
			);
			runOnlyForDeploymentPostprocessing = 0;
		};
		FDE4D6072589984700AADC52 /* Resources */ = {
			isa = PBXResourcesBuildPhase;
			buildActionMask = 2147483647;
			files = (
				FDE4D6182589984A00AADC52 /* LaunchScreen.storyboard in Resources */,
				FDE4D6152589984A00AADC52 /* Assets.xcassets in Resources */,
			);
			runOnlyForDeploymentPostprocessing = 0;
		};
/* End PBXResourcesBuildPhase section */

/* Begin PBXSourcesBuildPhase section */
		FD25221C25880BEF00B699F4 /* Sources */ = {
			isa = PBXSourcesBuildPhase;
			buildActionMask = 2147483647;
			files = (
				FD25222E25880D3200B699F4 /* URLSessionAdapter.swift in Sources */,
			);
			runOnlyForDeploymentPostprocessing = 0;
		};
		FD25223825882E3100B699F4 /* Sources */ = {
			isa = PBXSourcesBuildPhase;
			buildActionMask = 2147483647;
			files = (
				FD25226A25883C6500B699F4 /* EpisodeViewModel.swift in Sources */,
				FDD9E3B6258BC0F000513EF5 /* DetailEpisode.swift in Sources */,
				FD252274258847FC00B699F4 /* AlertView.swift in Sources */,
				FD25225225882F2E00B699F4 /* ListEpisodesPresenter.swift in Sources */,
				FD252271258847F000B699F4 /* LoadingView.swift in Sources */,
			);
			runOnlyForDeploymentPostprocessing = 0;
		};
		FD25227825884BF700B699F4 /* Sources */ = {
			isa = PBXSourcesBuildPhase;
			buildActionMask = 2147483647;
			files = (
				FD41BFE6258AF093001F7234 /* DetailsEpisodeViewController.swift in Sources */,
				FDE4D6022589978D00AADC52 /* ListEpisodesViewController.swift in Sources */,
				FD41BF97258A581F001F7234 /* UIView+Extensions.swift in Sources */,
				FD41BFC9258AA278001F7234 /* UIImage+Extensions.swift in Sources */,
				FDD9E3BC258BD43400513EF5 /* ListEpisodesCoordinator.swift in Sources */,
				FD41BFC4258AA209001F7234 /* ImageManager.swift in Sources */,
				FD41BFDE258AD7D5001F7234 /* LoadingView.swift in Sources */,
				FD41BFEA258AF135001F7234 /* DetailsEpisodeView.swift in Sources */,
				FD25228D25884DF900B699F4 /* ListEpisodesView.swift in Sources */,
				FDD9E3C6258C26FD00513EF5 /* CoordinatorFactoriesInjector.swift in Sources */,
				FD2522922588511400B699F4 /* EpisodeCell.swift in Sources */,
			);
			runOnlyForDeploymentPostprocessing = 0;
		};
		FD896E272587F5E700C66AC9 /* Sources */ = {
			isa = PBXSourcesBuildPhase;
			buildActionMask = 2147483647;
			files = (
				FD896E662588028C00C66AC9 /* Model.swift in Sources */,
				FD896E362587F61400C66AC9 /* Episode.swift in Sources */,
				FD2522162588055A00B699F4 /* DomainError.swift in Sources */,
				FD896E392587F7FF00C66AC9 /* ListEpisodes.swift in Sources */,
			);
			runOnlyForDeploymentPostprocessing = 0;
		};
		FD896E3E2587FA9900C66AC9 /* Sources */ = {
			isa = PBXSourcesBuildPhase;
			buildActionMask = 2147483647;
			files = (
				FD252256258833B900B699F4 /* Date+Extension.swift in Sources */,
				FD896E512587FAED00C66AC9 /* RemoteListEpisodes.swift in Sources */,
				FD25226325883B3300B699F4 /* Factories.swift in Sources */,
				FD25225E25883AE900B699F4 /* Episode.swift in Sources */,
				FD896E6F258802D200C66AC9 /* HttpGetClient.swift in Sources */,
				FD896E622587FBE200C66AC9 /* HttpClientError.swift in Sources */,
				FD25225A258839D000B699F4 /* String+Extension.swift in Sources */,
				FD896E6B258802AE00C66AC9 /* Data+Extension.swift in Sources */,
			);
			runOnlyForDeploymentPostprocessing = 0;
		};
		FD982B11258FCCD8000BA11D /* Sources */ = {
			isa = PBXSourcesBuildPhase;
			buildActionMask = 2147483647;
			files = (
				FD982B3A2590E5C4000BA11D /* Factories.swift in Sources */,
				FD982B28258FF677000BA11D /* URLSessionAdapterTests.swift in Sources */,
				FD982B2D258FF760000BA11D /* URLProtocolStup.swift in Sources */,
			);
			runOnlyForDeploymentPostprocessing = 0;
		};
		FD982B3E2590E6F1000BA11D /* Sources */ = {
			isa = PBXSourcesBuildPhase;
			buildActionMask = 2147483647;
			files = (
				FD982B5A2590E73E000BA11D /* ListEpisodesPresenterTests.swift in Sources */,
			);
			runOnlyForDeploymentPostprocessing = 0;
		};
		FDD9E3CE258C372800513EF5 /* Sources */ = {
			isa = PBXSourcesBuildPhase;
			buildActionMask = 2147483647;
			files = (
				FD982B362590E5AC000BA11D /* Factories.swift in Sources */,
				FDD9E408258D853F00513EF5 /* HttpGetSpy.swift in Sources */,
				FDD9E3E5258C377D00513EF5 /* RemoteListEpisodesTests.swift in Sources */,
			);
			runOnlyForDeploymentPostprocessing = 0;
		};
		FDE4D6052589984700AADC52 /* Sources */ = {
			isa = PBXSourcesBuildPhase;
			buildActionMask = 2147483647;
			files = (
				FDE4D60C2589984700AADC52 /* AppDelegate.swift in Sources */,
				FDD9E3C1258C25AC00513EF5 /* DetailsEpisodeFactory.swift in Sources */,
				FDE4D60E2589984700AADC52 /* SceneDelegate.swift in Sources */,
				FD41BF9F258A7C25001F7234 /* ListEpisodesFactory.swift in Sources */,
				FD9185D825A3D91B00115FBB /* Environment.swift in Sources */,
			);
			runOnlyForDeploymentPostprocessing = 0;
		};
/* End PBXSourcesBuildPhase section */

/* Begin PBXTargetDependency section */
		FD25223425880D4E00B699F4 /* PBXTargetDependency */ = {
			isa = PBXTargetDependency;
			target = FD896E412587FA9900C66AC9 /* Data */;
			targetProxy = FD25223325880D4E00B699F4 /* PBXContainerItemProxy */;
		};
		FD25224B25882E4400B699F4 /* PBXTargetDependency */ = {
			isa = PBXTargetDependency;
			target = FD896E412587FA9900C66AC9 /* Data */;
			targetProxy = FD25224A25882E4400B699F4 /* PBXContainerItemProxy */;
		};
		FD25224F25882E4400B699F4 /* PBXTargetDependency */ = {
			isa = PBXTargetDependency;
			target = FD896E2A2587F5E700C66AC9 /* Domain */;
			targetProxy = FD25224E25882E4400B699F4 /* PBXContainerItemProxy */;
		};
		FD41BFA9258A7CDE001F7234 /* PBXTargetDependency */ = {
			isa = PBXTargetDependency;
			target = FD896E412587FA9900C66AC9 /* Data */;
			targetProxy = FD41BFA8258A7CDE001F7234 /* PBXContainerItemProxy */;
		};
		FD41BFAD258A7CDE001F7234 /* PBXTargetDependency */ = {
			isa = PBXTargetDependency;
			target = FD896E2A2587F5E700C66AC9 /* Domain */;
			targetProxy = FD41BFAC258A7CDE001F7234 /* PBXContainerItemProxy */;
		};
		FD41BFB1258A7CDE001F7234 /* PBXTargetDependency */ = {
			isa = PBXTargetDependency;
			target = FD25221F25880BEF00B699F4 /* Infra */;
			targetProxy = FD41BFB0258A7CDE001F7234 /* PBXContainerItemProxy */;
		};
		FD41BFB5258A7CDE001F7234 /* PBXTargetDependency */ = {
			isa = PBXTargetDependency;
			target = FD25223B25882E3100B699F4 /* Presentation */;
			targetProxy = FD41BFB4258A7CDE001F7234 /* PBXContainerItemProxy */;
		};
		FD41BFBF258A85A6001F7234 /* PBXTargetDependency */ = {
			isa = PBXTargetDependency;
			target = FD25223B25882E3100B699F4 /* Presentation */;
			targetProxy = FD41BFBE258A85A6001F7234 /* PBXContainerItemProxy */;
		};
		FD896E582587FB1800C66AC9 /* PBXTargetDependency */ = {
			isa = PBXTargetDependency;
			target = FD896E2A2587F5E700C66AC9 /* Domain */;
			targetProxy = FD896E572587FB1800C66AC9 /* PBXContainerItemProxy */;
		};
		FD982B1C258FCCD8000BA11D /* PBXTargetDependency */ = {
			isa = PBXTargetDependency;
			target = FD25221F25880BEF00B699F4 /* Infra */;
			targetProxy = FD982B1B258FCCD8000BA11D /* PBXContainerItemProxy */;
		};
		FD982B492590E6F1000BA11D /* PBXTargetDependency */ = {
			isa = PBXTargetDependency;
			target = FD25223B25882E3100B699F4 /* Presentation */;
			targetProxy = FD982B482590E6F1000BA11D /* PBXContainerItemProxy */;
		};
		FDD9E3D9258C372800513EF5 /* PBXTargetDependency */ = {
			isa = PBXTargetDependency;
			target = FD896E412587FA9900C66AC9 /* Data */;
			targetProxy = FDD9E3D8258C372800513EF5 /* PBXContainerItemProxy */;
		};
		FDE4D6232589987100AADC52 /* PBXTargetDependency */ = {
			isa = PBXTargetDependency;
			target = FD25227B25884BF700B699F4 /* UI */;
			targetProxy = FDE4D6222589987100AADC52 /* PBXContainerItemProxy */;
		};
/* End PBXTargetDependency section */

/* Begin PBXVariantGroup section */
		FDE4D6162589984A00AADC52 /* LaunchScreen.storyboard */ = {
			isa = PBXVariantGroup;
			children = (
				FDE4D6172589984A00AADC52 /* Base */,
			);
			name = LaunchScreen.storyboard;
			sourceTree = "<group>";
		};
/* End PBXVariantGroup section */

/* Begin XCBuildConfiguration section */
		FD25222625880BEF00B699F4 /* Debug */ = {
			isa = XCBuildConfiguration;
			buildSettings = {
				CLANG_ENABLE_MODULES = YES;
				CODE_SIGN_STYLE = Automatic;
				COMBINE_HIDPI_IMAGES = YES;
				DEFINES_MODULE = YES;
				DEVELOPMENT_TEAM = FCZ6JTPKG7;
				DYLIB_COMPATIBILITY_VERSION = 1;
				DYLIB_CURRENT_VERSION = 1;
				DYLIB_INSTALL_NAME_BASE = "@rpath";
				INFOPLIST_FILE = Infra/Info.plist;
				INSTALL_PATH = "$(LOCAL_LIBRARY_DIR)/Frameworks";
				LD_RUNPATH_SEARCH_PATHS = (
					"$(inherited)",
					"@executable_path/../Frameworks",
					"@loader_path/Frameworks",
				);
				PRODUCT_BUNDLE_IDENTIFIER = br.com.renatolopes.Infra;
				PRODUCT_NAME = "$(TARGET_NAME:c99extidentifier)";
				SKIP_INSTALL = YES;
				SUPPORTED_PLATFORMS = "iphonesimulator iphoneos macosx";
				SWIFT_OPTIMIZATION_LEVEL = "-Onone";
				SWIFT_VERSION = 5.0;
			};
			name = Debug;
		};
		FD25222725880BEF00B699F4 /* Release */ = {
			isa = XCBuildConfiguration;
			buildSettings = {
				CLANG_ENABLE_MODULES = YES;
				CODE_SIGN_STYLE = Automatic;
				COMBINE_HIDPI_IMAGES = YES;
				DEFINES_MODULE = YES;
				DEVELOPMENT_TEAM = FCZ6JTPKG7;
				DYLIB_COMPATIBILITY_VERSION = 1;
				DYLIB_CURRENT_VERSION = 1;
				DYLIB_INSTALL_NAME_BASE = "@rpath";
				INFOPLIST_FILE = Infra/Info.plist;
				INSTALL_PATH = "$(LOCAL_LIBRARY_DIR)/Frameworks";
				LD_RUNPATH_SEARCH_PATHS = (
					"$(inherited)",
					"@executable_path/../Frameworks",
					"@loader_path/Frameworks",
				);
				PRODUCT_BUNDLE_IDENTIFIER = br.com.renatolopes.Infra;
				PRODUCT_NAME = "$(TARGET_NAME:c99extidentifier)";
				SKIP_INSTALL = YES;
				SUPPORTED_PLATFORMS = "iphonesimulator iphoneos macosx";
				SWIFT_VERSION = 5.0;
			};
			name = Release;
		};
		FD25224225882E3100B699F4 /* Debug */ = {
			isa = XCBuildConfiguration;
			buildSettings = {
				CLANG_ENABLE_MODULES = YES;
				CODE_SIGN_STYLE = Automatic;
				COMBINE_HIDPI_IMAGES = YES;
				DEFINES_MODULE = YES;
				DEVELOPMENT_TEAM = FCZ6JTPKG7;
				DYLIB_COMPATIBILITY_VERSION = 1;
				DYLIB_CURRENT_VERSION = 1;
				DYLIB_INSTALL_NAME_BASE = "@rpath";
				INFOPLIST_FILE = Presentation/Info.plist;
				INSTALL_PATH = "$(LOCAL_LIBRARY_DIR)/Frameworks";
				LD_RUNPATH_SEARCH_PATHS = (
					"$(inherited)",
					"@executable_path/../Frameworks",
					"@loader_path/Frameworks",
				);
				PRODUCT_BUNDLE_IDENTIFIER = br.com.renatolopes.Presentation;
				PRODUCT_NAME = "$(TARGET_NAME:c99extidentifier)";
				SKIP_INSTALL = YES;
				SUPPORTED_PLATFORMS = "iphonesimulator iphoneos macosx";
				SWIFT_OPTIMIZATION_LEVEL = "-Onone";
				SWIFT_VERSION = 5.0;
			};
			name = Debug;
		};
		FD25224325882E3100B699F4 /* Release */ = {
			isa = XCBuildConfiguration;
			buildSettings = {
				CLANG_ENABLE_MODULES = YES;
				CODE_SIGN_STYLE = Automatic;
				COMBINE_HIDPI_IMAGES = YES;
				DEFINES_MODULE = YES;
				DEVELOPMENT_TEAM = FCZ6JTPKG7;
				DYLIB_COMPATIBILITY_VERSION = 1;
				DYLIB_CURRENT_VERSION = 1;
				DYLIB_INSTALL_NAME_BASE = "@rpath";
				INFOPLIST_FILE = Presentation/Info.plist;
				INSTALL_PATH = "$(LOCAL_LIBRARY_DIR)/Frameworks";
				LD_RUNPATH_SEARCH_PATHS = (
					"$(inherited)",
					"@executable_path/../Frameworks",
					"@loader_path/Frameworks",
				);
				PRODUCT_BUNDLE_IDENTIFIER = br.com.renatolopes.Presentation;
				PRODUCT_NAME = "$(TARGET_NAME:c99extidentifier)";
				SKIP_INSTALL = YES;
				SUPPORTED_PLATFORMS = "iphonesimulator iphoneos macosx";
				SWIFT_VERSION = 5.0;
			};
			name = Release;
		};
		FD25228125884BF700B699F4 /* Debug */ = {
			isa = XCBuildConfiguration;
			buildSettings = {
				CLANG_ENABLE_MODULES = YES;
				CODE_SIGN_STYLE = Automatic;
				DEFINES_MODULE = YES;
				DEVELOPMENT_TEAM = FCZ6JTPKG7;
				DYLIB_COMPATIBILITY_VERSION = 1;
				DYLIB_CURRENT_VERSION = 1;
				DYLIB_INSTALL_NAME_BASE = "@rpath";
				INFOPLIST_FILE = UI/Info.plist;
				INSTALL_PATH = "$(LOCAL_LIBRARY_DIR)/Frameworks";
				IPHONEOS_DEPLOYMENT_TARGET = 14.0;
				LD_RUNPATH_SEARCH_PATHS = (
					"$(inherited)",
					"@executable_path/Frameworks",
					"@loader_path/Frameworks",
				);
				PRODUCT_BUNDLE_IDENTIFIER = br.com.renatolopes.UI;
				PRODUCT_NAME = "$(TARGET_NAME:c99extidentifier)";
				SDKROOT = iphoneos;
				SKIP_INSTALL = YES;
				SUPPORTED_PLATFORMS = "iphonesimulator iphoneos macosx";
				SUPPORTS_MACCATALYST = NO;
				SWIFT_OPTIMIZATION_LEVEL = "-Onone";
				SWIFT_VERSION = 5.0;
				TARGETED_DEVICE_FAMILY = 1;
			};
			name = Debug;
		};
		FD25228225884BF700B699F4 /* Release */ = {
			isa = XCBuildConfiguration;
			buildSettings = {
				CLANG_ENABLE_MODULES = YES;
				CODE_SIGN_STYLE = Automatic;
				DEFINES_MODULE = YES;
				DEVELOPMENT_TEAM = FCZ6JTPKG7;
				DYLIB_COMPATIBILITY_VERSION = 1;
				DYLIB_CURRENT_VERSION = 1;
				DYLIB_INSTALL_NAME_BASE = "@rpath";
				INFOPLIST_FILE = UI/Info.plist;
				INSTALL_PATH = "$(LOCAL_LIBRARY_DIR)/Frameworks";
				IPHONEOS_DEPLOYMENT_TARGET = 14.0;
				LD_RUNPATH_SEARCH_PATHS = (
					"$(inherited)",
					"@executable_path/Frameworks",
					"@loader_path/Frameworks",
				);
				PRODUCT_BUNDLE_IDENTIFIER = br.com.renatolopes.UI;
				PRODUCT_NAME = "$(TARGET_NAME:c99extidentifier)";
				SDKROOT = iphoneos;
				SKIP_INSTALL = YES;
				SUPPORTED_PLATFORMS = "iphonesimulator iphoneos macosx";
				SUPPORTS_MACCATALYST = NO;
				SWIFT_VERSION = 5.0;
				TARGETED_DEVICE_FAMILY = 1;
				VALIDATE_PRODUCT = YES;
			};
			name = Release;
		};
		FD896E1F2587F5BE00C66AC9 /* Debug */ = {
			isa = XCBuildConfiguration;
			buildSettings = {
				ALWAYS_SEARCH_USER_PATHS = NO;
				CLANG_ANALYZER_NONNULL = YES;
				CLANG_ANALYZER_NUMBER_OBJECT_CONVERSION = YES_AGGRESSIVE;
				CLANG_CXX_LANGUAGE_STANDARD = "gnu++14";
				CLANG_CXX_LIBRARY = "libc++";
				CLANG_ENABLE_MODULES = YES;
				CLANG_ENABLE_OBJC_ARC = YES;
				CLANG_ENABLE_OBJC_WEAK = YES;
				CLANG_WARN_BLOCK_CAPTURE_AUTORELEASING = YES;
				CLANG_WARN_BOOL_CONVERSION = YES;
				CLANG_WARN_COMMA = YES;
				CLANG_WARN_CONSTANT_CONVERSION = YES;
				CLANG_WARN_DEPRECATED_OBJC_IMPLEMENTATIONS = YES;
				CLANG_WARN_DIRECT_OBJC_ISA_USAGE = YES_ERROR;
				CLANG_WARN_DOCUMENTATION_COMMENTS = YES;
				CLANG_WARN_EMPTY_BODY = YES;
				CLANG_WARN_ENUM_CONVERSION = YES;
				CLANG_WARN_INFINITE_RECURSION = YES;
				CLANG_WARN_INT_CONVERSION = YES;
				CLANG_WARN_NON_LITERAL_NULL_CONVERSION = YES;
				CLANG_WARN_OBJC_IMPLICIT_RETAIN_SELF = YES;
				CLANG_WARN_OBJC_LITERAL_CONVERSION = YES;
				CLANG_WARN_OBJC_ROOT_CLASS = YES_ERROR;
				CLANG_WARN_QUOTED_INCLUDE_IN_FRAMEWORK_HEADER = YES;
				CLANG_WARN_RANGE_LOOP_ANALYSIS = YES;
				CLANG_WARN_STRICT_PROTOTYPES = YES;
				CLANG_WARN_SUSPICIOUS_MOVE = YES;
				CLANG_WARN_UNGUARDED_AVAILABILITY = YES_AGGRESSIVE;
				CLANG_WARN_UNREACHABLE_CODE = YES;
				CLANG_WARN__DUPLICATE_METHOD_MATCH = YES;
				COPY_PHASE_STRIP = NO;
				CURRENT_PROJECT_VERSION = 1;
				DEBUG_INFORMATION_FORMAT = dwarf;
				ENABLE_STRICT_OBJC_MSGSEND = YES;
				ENABLE_TESTABILITY = YES;
				GCC_C_LANGUAGE_STANDARD = gnu11;
				GCC_DYNAMIC_NO_PIC = NO;
				GCC_NO_COMMON_BLOCKS = YES;
				GCC_OPTIMIZATION_LEVEL = 0;
				GCC_PREPROCESSOR_DEFINITIONS = (
					"DEBUG=1",
					"$(inherited)",
				);
				GCC_WARN_64_TO_32_BIT_CONVERSION = YES;
				GCC_WARN_ABOUT_RETURN_TYPE = YES_ERROR;
				GCC_WARN_UNDECLARED_SELECTOR = YES;
				GCC_WARN_UNINITIALIZED_AUTOS = YES_AGGRESSIVE;
				GCC_WARN_UNUSED_FUNCTION = YES;
				GCC_WARN_UNUSED_VARIABLE = YES;
				IPHONEOS_DEPLOYMENT_TARGET = 13.0;
				MACOSX_DEPLOYMENT_TARGET = 10.15;
				MTL_ENABLE_DEBUG_INFO = INCLUDE_SOURCE;
				MTL_FAST_MATH = YES;
				ONLY_ACTIVE_ARCH = YES;
				SDKROOT = macosx;
				SWIFT_ACTIVE_COMPILATION_CONDITIONS = DEBUG;
				SWIFT_OPTIMIZATION_LEVEL = "-Onone";
				VERSIONING_SYSTEM = "apple-generic";
				VERSION_INFO_PREFIX = "";
			};
			name = Debug;
		};
		FD896E202587F5BE00C66AC9 /* Release */ = {
			isa = XCBuildConfiguration;
			buildSettings = {
				ALWAYS_SEARCH_USER_PATHS = NO;
				CLANG_ANALYZER_NONNULL = YES;
				CLANG_ANALYZER_NUMBER_OBJECT_CONVERSION = YES_AGGRESSIVE;
				CLANG_CXX_LANGUAGE_STANDARD = "gnu++14";
				CLANG_CXX_LIBRARY = "libc++";
				CLANG_ENABLE_MODULES = YES;
				CLANG_ENABLE_OBJC_ARC = YES;
				CLANG_ENABLE_OBJC_WEAK = YES;
				CLANG_WARN_BLOCK_CAPTURE_AUTORELEASING = YES;
				CLANG_WARN_BOOL_CONVERSION = YES;
				CLANG_WARN_COMMA = YES;
				CLANG_WARN_CONSTANT_CONVERSION = YES;
				CLANG_WARN_DEPRECATED_OBJC_IMPLEMENTATIONS = YES;
				CLANG_WARN_DIRECT_OBJC_ISA_USAGE = YES_ERROR;
				CLANG_WARN_DOCUMENTATION_COMMENTS = YES;
				CLANG_WARN_EMPTY_BODY = YES;
				CLANG_WARN_ENUM_CONVERSION = YES;
				CLANG_WARN_INFINITE_RECURSION = YES;
				CLANG_WARN_INT_CONVERSION = YES;
				CLANG_WARN_NON_LITERAL_NULL_CONVERSION = YES;
				CLANG_WARN_OBJC_IMPLICIT_RETAIN_SELF = YES;
				CLANG_WARN_OBJC_LITERAL_CONVERSION = YES;
				CLANG_WARN_OBJC_ROOT_CLASS = YES_ERROR;
				CLANG_WARN_QUOTED_INCLUDE_IN_FRAMEWORK_HEADER = YES;
				CLANG_WARN_RANGE_LOOP_ANALYSIS = YES;
				CLANG_WARN_STRICT_PROTOTYPES = YES;
				CLANG_WARN_SUSPICIOUS_MOVE = YES;
				CLANG_WARN_UNGUARDED_AVAILABILITY = YES_AGGRESSIVE;
				CLANG_WARN_UNREACHABLE_CODE = YES;
				CLANG_WARN__DUPLICATE_METHOD_MATCH = YES;
				COPY_PHASE_STRIP = NO;
				CURRENT_PROJECT_VERSION = 1;
				DEBUG_INFORMATION_FORMAT = "dwarf-with-dsym";
				ENABLE_NS_ASSERTIONS = NO;
				ENABLE_STRICT_OBJC_MSGSEND = YES;
				GCC_C_LANGUAGE_STANDARD = gnu11;
				GCC_NO_COMMON_BLOCKS = YES;
				GCC_WARN_64_TO_32_BIT_CONVERSION = YES;
				GCC_WARN_ABOUT_RETURN_TYPE = YES_ERROR;
				GCC_WARN_UNDECLARED_SELECTOR = YES;
				GCC_WARN_UNINITIALIZED_AUTOS = YES_AGGRESSIVE;
				GCC_WARN_UNUSED_FUNCTION = YES;
				GCC_WARN_UNUSED_VARIABLE = YES;
				IPHONEOS_DEPLOYMENT_TARGET = 13.0;
				MACOSX_DEPLOYMENT_TARGET = 10.15;
				MTL_ENABLE_DEBUG_INFO = NO;
				MTL_FAST_MATH = YES;
				SDKROOT = macosx;
				SWIFT_COMPILATION_MODE = wholemodule;
				SWIFT_OPTIMIZATION_LEVEL = "-O";
				VERSIONING_SYSTEM = "apple-generic";
				VERSION_INFO_PREFIX = "";
			};
			name = Release;
		};
		FD896E312587F5E700C66AC9 /* Debug */ = {
			isa = XCBuildConfiguration;
			buildSettings = {
				CLANG_ENABLE_MODULES = YES;
				CODE_SIGN_STYLE = Automatic;
				COMBINE_HIDPI_IMAGES = YES;
				DEFINES_MODULE = YES;
				DEVELOPMENT_TEAM = FCZ6JTPKG7;
				DYLIB_COMPATIBILITY_VERSION = 1;
				DYLIB_CURRENT_VERSION = 1;
				DYLIB_INSTALL_NAME_BASE = "@rpath";
				INFOPLIST_FILE = Domain/Info.plist;
				INSTALL_PATH = "$(LOCAL_LIBRARY_DIR)/Frameworks";
				LD_RUNPATH_SEARCH_PATHS = (
					"$(inherited)",
					"@executable_path/../Frameworks",
					"@loader_path/Frameworks",
				);
				PRODUCT_BUNDLE_IDENTIFIER = br.com.renatolopes.Domain;
				PRODUCT_NAME = "$(TARGET_NAME:c99extidentifier)";
				SKIP_INSTALL = YES;
				SUPPORTED_PLATFORMS = "iphonesimulator iphoneos macosx";
				SWIFT_OPTIMIZATION_LEVEL = "-Onone";
				SWIFT_VERSION = 5.0;
			};
			name = Debug;
		};
		FD896E322587F5E700C66AC9 /* Release */ = {
			isa = XCBuildConfiguration;
			buildSettings = {
				CLANG_ENABLE_MODULES = YES;
				CODE_SIGN_STYLE = Automatic;
				COMBINE_HIDPI_IMAGES = YES;
				DEFINES_MODULE = YES;
				DEVELOPMENT_TEAM = FCZ6JTPKG7;
				DYLIB_COMPATIBILITY_VERSION = 1;
				DYLIB_CURRENT_VERSION = 1;
				DYLIB_INSTALL_NAME_BASE = "@rpath";
				INFOPLIST_FILE = Domain/Info.plist;
				INSTALL_PATH = "$(LOCAL_LIBRARY_DIR)/Frameworks";
				LD_RUNPATH_SEARCH_PATHS = (
					"$(inherited)",
					"@executable_path/../Frameworks",
					"@loader_path/Frameworks",
				);
				PRODUCT_BUNDLE_IDENTIFIER = br.com.renatolopes.Domain;
				PRODUCT_NAME = "$(TARGET_NAME:c99extidentifier)";
				SKIP_INSTALL = YES;
				SUPPORTED_PLATFORMS = "iphonesimulator iphoneos macosx";
				SWIFT_VERSION = 5.0;
			};
			name = Release;
		};
		FD896E482587FA9900C66AC9 /* Debug */ = {
			isa = XCBuildConfiguration;
			buildSettings = {
				CLANG_ENABLE_MODULES = YES;
				CODE_SIGN_STYLE = Automatic;
				COMBINE_HIDPI_IMAGES = YES;
				DEFINES_MODULE = YES;
				DEVELOPMENT_TEAM = FCZ6JTPKG7;
				DYLIB_COMPATIBILITY_VERSION = 1;
				DYLIB_CURRENT_VERSION = 1;
				DYLIB_INSTALL_NAME_BASE = "@rpath";
				INFOPLIST_FILE = Data/Info.plist;
				INSTALL_PATH = "$(LOCAL_LIBRARY_DIR)/Frameworks";
				LD_RUNPATH_SEARCH_PATHS = (
					"$(inherited)",
					"@executable_path/../Frameworks",
					"@loader_path/Frameworks",
				);
				PRODUCT_BUNDLE_IDENTIFIER = br.com.renatolopes.Data;
				PRODUCT_NAME = "$(TARGET_NAME:c99extidentifier)";
				SKIP_INSTALL = YES;
				SUPPORTED_PLATFORMS = "iphonesimulator iphoneos macosx";
				SWIFT_OPTIMIZATION_LEVEL = "-Onone";
				SWIFT_VERSION = 5.0;
			};
			name = Debug;
		};
		FD896E492587FA9900C66AC9 /* Release */ = {
			isa = XCBuildConfiguration;
			buildSettings = {
				CLANG_ENABLE_MODULES = YES;
				CODE_SIGN_STYLE = Automatic;
				COMBINE_HIDPI_IMAGES = YES;
				DEFINES_MODULE = YES;
				DEVELOPMENT_TEAM = FCZ6JTPKG7;
				DYLIB_COMPATIBILITY_VERSION = 1;
				DYLIB_CURRENT_VERSION = 1;
				DYLIB_INSTALL_NAME_BASE = "@rpath";
				INFOPLIST_FILE = Data/Info.plist;
				INSTALL_PATH = "$(LOCAL_LIBRARY_DIR)/Frameworks";
				LD_RUNPATH_SEARCH_PATHS = (
					"$(inherited)",
					"@executable_path/../Frameworks",
					"@loader_path/Frameworks",
				);
				PRODUCT_BUNDLE_IDENTIFIER = br.com.renatolopes.Data;
				PRODUCT_NAME = "$(TARGET_NAME:c99extidentifier)";
				SKIP_INSTALL = YES;
				SUPPORTED_PLATFORMS = "iphonesimulator iphoneos macosx";
				SWIFT_VERSION = 5.0;
			};
			name = Release;
		};
		FD982B1D258FCCD8000BA11D /* Debug */ = {
			isa = XCBuildConfiguration;
			buildSettings = {
				CLANG_ENABLE_MODULES = YES;
				CODE_SIGN_STYLE = Automatic;
				COMBINE_HIDPI_IMAGES = YES;
				DEVELOPMENT_TEAM = FCZ6JTPKG7;
				INFOPLIST_FILE = InfraTests/Info.plist;
				LD_RUNPATH_SEARCH_PATHS = (
					"$(inherited)",
					"@executable_path/../Frameworks",
					"@loader_path/../Frameworks",
				);
				PRODUCT_BUNDLE_IDENTIFIER = br.com.renatolopes.InfraTests;
				PRODUCT_NAME = "$(TARGET_NAME)";
				SWIFT_OPTIMIZATION_LEVEL = "-Onone";
				SWIFT_VERSION = 5.0;
			};
			name = Debug;
		};
		FD982B1E258FCCD8000BA11D /* Release */ = {
			isa = XCBuildConfiguration;
			buildSettings = {
				CLANG_ENABLE_MODULES = YES;
				CODE_SIGN_STYLE = Automatic;
				COMBINE_HIDPI_IMAGES = YES;
				DEVELOPMENT_TEAM = FCZ6JTPKG7;
				INFOPLIST_FILE = InfraTests/Info.plist;
				LD_RUNPATH_SEARCH_PATHS = (
					"$(inherited)",
					"@executable_path/../Frameworks",
					"@loader_path/../Frameworks",
				);
				PRODUCT_BUNDLE_IDENTIFIER = br.com.renatolopes.InfraTests;
				PRODUCT_NAME = "$(TARGET_NAME)";
				SWIFT_VERSION = 5.0;
			};
			name = Release;
		};
		FD982B4B2590E6F1000BA11D /* Debug */ = {
			isa = XCBuildConfiguration;
			buildSettings = {
				CLANG_ENABLE_MODULES = YES;
				CODE_SIGN_STYLE = Automatic;
				COMBINE_HIDPI_IMAGES = YES;
				DEVELOPMENT_TEAM = FCZ6JTPKG7;
				INFOPLIST_FILE = PresentationTests/Info.plist;
				LD_RUNPATH_SEARCH_PATHS = (
					"$(inherited)",
					"@executable_path/../Frameworks",
					"@loader_path/../Frameworks",
				);
				PRODUCT_BUNDLE_IDENTIFIER = br.com.renatolopes.PresentationTests;
				PRODUCT_NAME = "$(TARGET_NAME)";
				SWIFT_OPTIMIZATION_LEVEL = "-Onone";
				SWIFT_VERSION = 5.0;
			};
			name = Debug;
		};
		FD982B4C2590E6F1000BA11D /* Release */ = {
			isa = XCBuildConfiguration;
			buildSettings = {
				CLANG_ENABLE_MODULES = YES;
				CODE_SIGN_STYLE = Automatic;
				COMBINE_HIDPI_IMAGES = YES;
				DEVELOPMENT_TEAM = FCZ6JTPKG7;
				INFOPLIST_FILE = PresentationTests/Info.plist;
				LD_RUNPATH_SEARCH_PATHS = (
					"$(inherited)",
					"@executable_path/../Frameworks",
					"@loader_path/../Frameworks",
				);
				PRODUCT_BUNDLE_IDENTIFIER = br.com.renatolopes.PresentationTests;
				PRODUCT_NAME = "$(TARGET_NAME)";
				SWIFT_VERSION = 5.0;
			};
			name = Release;
		};
		FDD9E3DB258C372800513EF5 /* Debug */ = {
			isa = XCBuildConfiguration;
			buildSettings = {
				CLANG_ENABLE_MODULES = YES;
				CODE_SIGN_STYLE = Automatic;
				COMBINE_HIDPI_IMAGES = YES;
				DEVELOPMENT_TEAM = FCZ6JTPKG7;
				INFOPLIST_FILE = DataTests/Info.plist;
				LD_RUNPATH_SEARCH_PATHS = (
					"$(inherited)",
					"@executable_path/../Frameworks",
					"@loader_path/../Frameworks",
				);
				PRODUCT_BUNDLE_IDENTIFIER = br.com.renatolopes.DataTests;
				PRODUCT_NAME = "$(TARGET_NAME)";
				SUPPORTED_PLATFORMS = "iphonesimulator iphoneos macosx";
				SWIFT_OPTIMIZATION_LEVEL = "-Onone";
				SWIFT_VERSION = 5.0;
			};
			name = Debug;
		};
		FDD9E3DC258C372800513EF5 /* Release */ = {
			isa = XCBuildConfiguration;
			buildSettings = {
				CLANG_ENABLE_MODULES = YES;
				CODE_SIGN_STYLE = Automatic;
				COMBINE_HIDPI_IMAGES = YES;
				DEVELOPMENT_TEAM = FCZ6JTPKG7;
				INFOPLIST_FILE = DataTests/Info.plist;
				LD_RUNPATH_SEARCH_PATHS = (
					"$(inherited)",
					"@executable_path/../Frameworks",
					"@loader_path/../Frameworks",
				);
				PRODUCT_BUNDLE_IDENTIFIER = br.com.renatolopes.DataTests;
				PRODUCT_NAME = "$(TARGET_NAME)";
				SUPPORTED_PLATFORMS = "iphonesimulator iphoneos macosx";
				SWIFT_VERSION = 5.0;
			};
			name = Release;
		};
		FDE4D61B2589984A00AADC52 /* Debug */ = {
			isa = XCBuildConfiguration;
			baseConfigurationReference = FD9185CD25A3D81D00115FBB /* Debug.xcconfig */;
			buildSettings = {
				ASSETCATALOG_COMPILER_APPICON_NAME = AppIcon;
				ASSETCATALOG_COMPILER_GLOBAL_ACCENT_COLOR_NAME = AccentColor;
				CODE_SIGN_STYLE = Automatic;
				DEVELOPMENT_TEAM = FCZ6JTPKG7;
				INFOPLIST_FILE = Main/Resources/Info.plist;
				IPHONEOS_DEPLOYMENT_TARGET = 14.0;
				LD_RUNPATH_SEARCH_PATHS = (
					"$(inherited)",
					"@executable_path/Frameworks",
				);
				PRODUCT_BUNDLE_IDENTIFIER = br.com.renatolopes.Main;
				PRODUCT_NAME = "$(TARGET_NAME)";
				SDKROOT = iphoneos;
				SUPPORTED_PLATFORMS = "iphonesimulator iphoneos macosx";
				SWIFT_VERSION = 5.0;
				TARGETED_DEVICE_FAMILY = "1,2";
			};
			name = Debug;
		};
		FDE4D61C2589984A00AADC52 /* Release */ = {
			isa = XCBuildConfiguration;
			baseConfigurationReference = FD9185CE25A3D86700115FBB /* Release.xcconfig */;
			buildSettings = {
				ASSETCATALOG_COMPILER_APPICON_NAME = AppIcon;
				ASSETCATALOG_COMPILER_GLOBAL_ACCENT_COLOR_NAME = AccentColor;
				CODE_SIGN_STYLE = Automatic;
				DEVELOPMENT_TEAM = FCZ6JTPKG7;
				INFOPLIST_FILE = Main/Resources/Info.plist;
				IPHONEOS_DEPLOYMENT_TARGET = 14.0;
				LD_RUNPATH_SEARCH_PATHS = (
					"$(inherited)",
					"@executable_path/Frameworks",
				);
				PRODUCT_BUNDLE_IDENTIFIER = br.com.renatolopes.Main;
				PRODUCT_NAME = "$(TARGET_NAME)";
				SDKROOT = iphoneos;
				SUPPORTED_PLATFORMS = "iphonesimulator iphoneos macosx";
				SWIFT_VERSION = 5.0;
				TARGETED_DEVICE_FAMILY = "1,2";
				VALIDATE_PRODUCT = YES;
			};
			name = Release;
		};
/* End XCBuildConfiguration section */

/* Begin XCConfigurationList section */
		FD25222525880BEF00B699F4 /* Build configuration list for PBXNativeTarget "Infra" */ = {
			isa = XCConfigurationList;
			buildConfigurations = (
				FD25222625880BEF00B699F4 /* Debug */,
				FD25222725880BEF00B699F4 /* Release */,
			);
			defaultConfigurationIsVisible = 0;
			defaultConfigurationName = Release;
		};
		FD25224125882E3100B699F4 /* Build configuration list for PBXNativeTarget "Presentation" */ = {
			isa = XCConfigurationList;
			buildConfigurations = (
				FD25224225882E3100B699F4 /* Debug */,
				FD25224325882E3100B699F4 /* Release */,
			);
			defaultConfigurationIsVisible = 0;
			defaultConfigurationName = Release;
		};
		FD25228325884BF700B699F4 /* Build configuration list for PBXNativeTarget "UI" */ = {
			isa = XCConfigurationList;
			buildConfigurations = (
				FD25228125884BF700B699F4 /* Debug */,
				FD25228225884BF700B699F4 /* Release */,
			);
			defaultConfigurationIsVisible = 0;
			defaultConfigurationName = Release;
		};
		FD896E132587F5BE00C66AC9 /* Build configuration list for PBXProject "R&M" */ = {
			isa = XCConfigurationList;
			buildConfigurations = (
				FD896E1F2587F5BE00C66AC9 /* Debug */,
				FD896E202587F5BE00C66AC9 /* Release */,
			);
			defaultConfigurationIsVisible = 0;
			defaultConfigurationName = Release;
		};
		FD896E302587F5E700C66AC9 /* Build configuration list for PBXNativeTarget "Domain" */ = {
			isa = XCConfigurationList;
			buildConfigurations = (
				FD896E312587F5E700C66AC9 /* Debug */,
				FD896E322587F5E700C66AC9 /* Release */,
			);
			defaultConfigurationIsVisible = 0;
			defaultConfigurationName = Release;
		};
		FD896E472587FA9900C66AC9 /* Build configuration list for PBXNativeTarget "Data" */ = {
			isa = XCConfigurationList;
			buildConfigurations = (
				FD896E482587FA9900C66AC9 /* Debug */,
				FD896E492587FA9900C66AC9 /* Release */,
			);
			defaultConfigurationIsVisible = 0;
			defaultConfigurationName = Release;
		};
		FD982B1F258FCCD9000BA11D /* Build configuration list for PBXNativeTarget "InfraTests" */ = {
			isa = XCConfigurationList;
			buildConfigurations = (
				FD982B1D258FCCD8000BA11D /* Debug */,
				FD982B1E258FCCD8000BA11D /* Release */,
			);
			defaultConfigurationIsVisible = 0;
			defaultConfigurationName = Release;
		};
		FD982B4A2590E6F1000BA11D /* Build configuration list for PBXNativeTarget "PresentationTests" */ = {
			isa = XCConfigurationList;
			buildConfigurations = (
				FD982B4B2590E6F1000BA11D /* Debug */,
				FD982B4C2590E6F1000BA11D /* Release */,
			);
			defaultConfigurationIsVisible = 0;
			defaultConfigurationName = Release;
		};
		FDD9E3DA258C372800513EF5 /* Build configuration list for PBXNativeTarget "DataTests" */ = {
			isa = XCConfigurationList;
			buildConfigurations = (
				FDD9E3DB258C372800513EF5 /* Debug */,
				FDD9E3DC258C372800513EF5 /* Release */,
			);
			defaultConfigurationIsVisible = 0;
			defaultConfigurationName = Release;
		};
		FDE4D61A2589984A00AADC52 /* Build configuration list for PBXNativeTarget "Main" */ = {
			isa = XCConfigurationList;
			buildConfigurations = (
				FDE4D61B2589984A00AADC52 /* Debug */,
				FDE4D61C2589984A00AADC52 /* Release */,
			);
			defaultConfigurationIsVisible = 0;
			defaultConfigurationName = Release;
		};
/* End XCConfigurationList section */
	};
	rootObject = FD896E102587F5BE00C66AC9 /* Project object */;
}
